// !$*UTF8*$!
{
	archiveVersion = 1;
	classes = {
	};
	objectVersion = 56;
	objects = {

/* Begin PBXBuildFile section */
		1889F1272EF9214800886186 /* PeraperaApp.swift in Sources */ = {isa = PBXBuildFile; fileRef = 1889F1262EF9214800886186 /* PeraperaApp.swift */; };
		1889F1292EF9214800886186 /* ContentView.swift in Sources */ = {isa = PBXBuildFile; fileRef = 1889F1282EF9214800886186 /* ContentView.swift */; };
		1889F12B2EF9214B00886186 /* Assets.xcassets in Resources */ = {isa = PBXBuildFile; fileRef = 1889F12A2EF9214B00886186 /* Assets.xcassets */; };
		1889F12E2EF9214B00886186 /* Preview Assets.xcassets in Resources */ = {isa = PBXBuildFile; fileRef = 1889F12D2EF9214B00886186 /* Preview Assets.xcassets */; };
		63E8236487D966A6BECCFB09 /* Pods_Perapera.framework in Frameworks */ = {isa = PBXBuildFile; fileRef = 92228B25C99537B2CD47D806 /* Pods_Perapera.framework */; };
		ECACBE702EF937930090F990 /* PodcastView.swift in Sources */ = {isa = PBXBuildFile; fileRef = ECACBE6E2EF937930090F990 /* PodcastView.swift */; };
		ECACBE712EF937930090F990 /* HomeView.swift in Sources */ = {isa = PBXBuildFile; fileRef = ECACBE6D2EF937930090F990 /* HomeView.swift */; };
		ECACBE722EF937930090F990 /* SettingsView.swift in Sources */ = {isa = PBXBuildFile; fileRef = ECACBE6F2EF937930090F990 /* SettingsView.swift */; };
		ECACBE782EF938410090F990 /* SettingsRowView.swift in Sources */ = {isa = PBXBuildFile; fileRef = ECACBE772EF938410090F990 /* SettingsRowView.swift */; };
		ECACBE7E2EFA57210090F990 /* Localizable.strings in Resources */ = {isa = PBXBuildFile; fileRef = ECACBE7C2EFA57210090F990 /* Localizable.strings */; };
		ECACBE862EFA58BB0090F990 /* String+Extension.swift in Sources */ = {isa = PBXBuildFile; fileRef = ECACBE842EFA58BB0090F990 /* String+Extension.swift */; };
		ECACBE8A2F0A15DF0090F990 /* LoginView.swift in Sources */ = {isa = PBXBuildFile; fileRef = ECACBE882F0A15DF0090F990 /* LoginView.swift */; };
		ECACBE982F0A38490090F990 /* EXThemeColorDark.json in Resources */ = {isa = PBXBuildFile; fileRef = ECACBE952F0A38490090F990 /* EXThemeColorDark.json */; };
		ECACBE992F0A38490090F990 /* EXThemeColorLight.json in Resources */ = {isa = PBXBuildFile; fileRef = ECACBE962F0A38490090F990 /* EXThemeColorLight.json */; };
		ECACBE9A2F0A38490090F990 /* EXThemeColor.swift in Sources */ = {isa = PBXBuildFile; fileRef = ECACBE942F0A38490090F990 /* EXThemeColor.swift */; };
		ECACBE9C2F0A4A5E0090F990 /* LanguageSettingsView.swift in Sources */ = {isa = PBXBuildFile; fileRef = ECACBE9B2F0A4A5E0090F990 /* LanguageSettingsView.swift */; };
		ECACBE9E2F0A59430090F990 /* PUserDefault.swift in Sources */ = {isa = PBXBuildFile; fileRef = ECACBE9D2F0A59430090F990 /* PUserDefault.swift */; };
/* End PBXBuildFile section */

/* Begin PBXFileReference section */
		1889F1232EF9214800886186 /* Perapera.app */ = {isa = PBXFileReference; explicitFileType = wrapper.application; includeInIndex = 0; path = Perapera.app; sourceTree = BUILT_PRODUCTS_DIR; };
		1889F1262EF9214800886186 /* PeraperaApp.swift */ = {isa = PBXFileReference; lastKnownFileType = sourcecode.swift; path = PeraperaApp.swift; sourceTree = "<group>"; };
		1889F1282EF9214800886186 /* ContentView.swift */ = {isa = PBXFileReference; lastKnownFileType = sourcecode.swift; path = ContentView.swift; sourceTree = "<group>"; };
		1889F12A2EF9214B00886186 /* Assets.xcassets */ = {isa = PBXFileReference; lastKnownFileType = folder.assetcatalog; path = Assets.xcassets; sourceTree = "<group>"; };
		1889F12D2EF9214B00886186 /* Preview Assets.xcassets */ = {isa = PBXFileReference; lastKnownFileType = folder.assetcatalog; path = "Preview Assets.xcassets"; sourceTree = "<group>"; };
		491A0925D6AF62417AAC3DA0 /* Pods-Perapera.release.xcconfig */ = {isa = PBXFileReference; includeInIndex = 1; lastKnownFileType = text.xcconfig; name = "Pods-Perapera.release.xcconfig"; path = "Target Support Files/Pods-Perapera/Pods-Perapera.release.xcconfig"; sourceTree = "<group>"; };
		92228B25C99537B2CD47D806 /* Pods_Perapera.framework */ = {isa = PBXFileReference; explicitFileType = wrapper.framework; includeInIndex = 0; path = Pods_Perapera.framework; sourceTree = BUILT_PRODUCTS_DIR; };
		CFAB7CB32CEF237A51D6C48C /* Pods-Perapera.debug.xcconfig */ = {isa = PBXFileReference; includeInIndex = 1; lastKnownFileType = text.xcconfig; name = "Pods-Perapera.debug.xcconfig"; path = "Target Support Files/Pods-Perapera/Pods-Perapera.debug.xcconfig"; sourceTree = "<group>"; };
		ECACBE6D2EF937930090F990 /* HomeView.swift */ = {isa = PBXFileReference; lastKnownFileType = sourcecode.swift; path = HomeView.swift; sourceTree = "<group>"; };
		ECACBE6E2EF937930090F990 /* PodcastView.swift */ = {isa = PBXFileReference; lastKnownFileType = sourcecode.swift; path = PodcastView.swift; sourceTree = "<group>"; };
		ECACBE6F2EF937930090F990 /* SettingsView.swift */ = {isa = PBXFileReference; lastKnownFileType = sourcecode.swift; path = SettingsView.swift; sourceTree = "<group>"; };
		ECACBE772EF938410090F990 /* SettingsRowView.swift */ = {isa = PBXFileReference; lastKnownFileType = sourcecode.swift; path = SettingsRowView.swift; sourceTree = "<group>"; };
		ECACBE7D2EFA57210090F990 /* en */ = {isa = PBXFileReference; lastKnownFileType = text.plist.strings; name = en; path = en.lproj/Localizable.strings; sourceTree = "<group>"; };
		ECACBE7F2EFA57380090F990 /* zh-Hans */ = {isa = PBXFileReference; lastKnownFileType = text.plist.strings; name = "zh-Hans"; path = "zh-Hans.lproj/Localizable.strings"; sourceTree = "<group>"; };
		ECACBE802EFA573B0090F990 /* ja */ = {isa = PBXFileReference; lastKnownFileType = text.plist.strings; name = ja; path = ja.lproj/Localizable.strings; sourceTree = "<group>"; };
		ECACBE812EFA573C0090F990 /* ko */ = {isa = PBXFileReference; lastKnownFileType = text.plist.strings; name = ko; path = ko.lproj/Localizable.strings; sourceTree = "<group>"; };
		ECACBE822EFA573D0090F990 /* vi */ = {isa = PBXFileReference; lastKnownFileType = text.plist.strings; name = vi; path = vi.lproj/Localizable.strings; sourceTree = "<group>"; };
		ECACBE842EFA58BB0090F990 /* String+Extension.swift */ = {isa = PBXFileReference; lastKnownFileType = sourcecode.swift; path = "String+Extension.swift"; sourceTree = "<group>"; };
		ECACBE872EFA5D4D0090F990 /* zh-Hant */ = {isa = PBXFileReference; lastKnownFileType = text.plist.strings; name = "zh-Hant"; path = "zh-Hant.lproj/Localizable.strings"; sourceTree = "<group>"; };
		ECACBE882F0A15DF0090F990 /* LoginView.swift */ = {isa = PBXFileReference; lastKnownFileType = sourcecode.swift; path = LoginView.swift; sourceTree = "<group>"; };
		ECACBE942F0A38490090F990 /* EXThemeColor.swift */ = {isa = PBXFileReference; lastKnownFileType = sourcecode.swift; path = EXThemeColor.swift; sourceTree = "<group>"; };
		ECACBE952F0A38490090F990 /* EXThemeColorDark.json */ = {isa = PBXFileReference; lastKnownFileType = text.json; path = EXThemeColorDark.json; sourceTree = "<group>"; };
		ECACBE962F0A38490090F990 /* EXThemeColorLight.json */ = {isa = PBXFileReference; lastKnownFileType = text.json; path = EXThemeColorLight.json; sourceTree = "<group>"; };
		ECACBE9B2F0A4A5E0090F990 /* LanguageSettingsView.swift */ = {isa = PBXFileReference; lastKnownFileType = sourcecode.swift; path = LanguageSettingsView.swift; sourceTree = "<group>"; };
		ECACBE9D2F0A59430090F990 /* PUserDefault.swift */ = {isa = PBXFileReference; lastKnownFileType = sourcecode.swift; path = PUserDefault.swift; sourceTree = "<group>"; };
/* End PBXFileReference section */

/* Begin PBXFrameworksBuildPhase section */
		1889F1202EF9214800886186 /* Frameworks */ = {
			isa = PBXFrameworksBuildPhase;
			buildActionMask = 2147483647;
			files = (
				63E8236487D966A6BECCFB09 /* Pods_Perapera.framework in Frameworks */,
			);
			runOnlyForDeploymentPostprocessing = 0;
		};
/* End PBXFrameworksBuildPhase section */

/* Begin PBXGroup section */
		1889F11A2EF9214800886186 = {
			isa = PBXGroup;
			children = (
				1889F1252EF9214800886186 /* Perapera */,
				1889F1242EF9214800886186 /* Products */,
				C0897F491922CD8EFA017C71 /* Pods */,
				6003A9B52417A3737F56402B /* Frameworks */,
			);
			sourceTree = "<group>";
		};
		1889F1242EF9214800886186 /* Products */ = {
			isa = PBXGroup;
			children = (
				1889F1232EF9214800886186 /* Perapera.app */,
			);
			name = Products;
			sourceTree = "<group>";
		};
		1889F1252EF9214800886186 /* Perapera */ = {
			isa = PBXGroup;
			children = (
				ECACBE832EFA58980090F990 /* Tools */,
				ECACBE732EF937CA0090F990 /* Views */,
				1889F1262EF9214800886186 /* PeraperaApp.swift */,
				1889F1282EF9214800886186 /* ContentView.swift */,
				1889F12A2EF9214B00886186 /* Assets.xcassets */,
				1889F12C2EF9214B00886186 /* Preview Content */,
				ECACBE7C2EFA57210090F990 /* Localizable.strings */,
			);
			path = Perapera;
			sourceTree = "<group>";
		};
		1889F12C2EF9214B00886186 /* Preview Content */ = {
			isa = PBXGroup;
			children = (
				1889F12D2EF9214B00886186 /* Preview Assets.xcassets */,
			);
			path = "Preview Content";
			sourceTree = "<group>";
		};
		6003A9B52417A3737F56402B /* Frameworks */ = {
			isa = PBXGroup;
			children = (
				92228B25C99537B2CD47D806 /* Pods_Perapera.framework */,
			);
			name = Frameworks;
			sourceTree = "<group>";
		};
		C0897F491922CD8EFA017C71 /* Pods */ = {
			isa = PBXGroup;
			children = (
				CFAB7CB32CEF237A51D6C48C /* Pods-Perapera.debug.xcconfig */,
				491A0925D6AF62417AAC3DA0 /* Pods-Perapera.release.xcconfig */,
			);
			path = Pods;
			sourceTree = "<group>";
		};
		ECACBE732EF937CA0090F990 /* Views */ = {
			isa = PBXGroup;
			children = (
				ECACBE892F0A15DF0090F990 /* LoginView */,
				ECACBE762EF938410090F990 /* SettingsView */,
				ECACBE752EF938340090F990 /* PodcastView */,
				ECACBE742EF9380B0090F990 /* HomeView */,
			);
			path = Views;
			sourceTree = "<group>";
		};
		ECACBE742EF9380B0090F990 /* HomeView */ = {
			isa = PBXGroup;
			children = (
				ECACBE6D2EF937930090F990 /* HomeView.swift */,
			);
			path = HomeView;
			sourceTree = "<group>";
		};
		ECACBE752EF938340090F990 /* PodcastView */ = {
			isa = PBXGroup;
			children = (
				ECACBE6E2EF937930090F990 /* PodcastView.swift */,
			);
			path = PodcastView;
			sourceTree = "<group>";
		};
		ECACBE762EF938410090F990 /* SettingsView */ = {
			isa = PBXGroup;
			children = (
				ECACBE9B2F0A4A5E0090F990 /* LanguageSettingsView.swift */,
				ECACBE6F2EF937930090F990 /* SettingsView.swift */,
				ECACBE772EF938410090F990 /* SettingsRowView.swift */,
			);
			path = SettingsView;
			sourceTree = "<group>";
		};
		ECACBE832EFA58980090F990 /* Tools */ = {
			isa = PBXGroup;
			children = (
				ECACBE972F0A38490090F990 /* Theme */,
				ECACBE852EFA58BB0090F990 /* Extensions */,
			);
			path = Tools;
			sourceTree = "<group>";
		};
		ECACBE852EFA58BB0090F990 /* Extensions */ = {
			isa = PBXGroup;
			children = (
				ECACBE9D2F0A59430090F990 /* PUserDefault.swift */,
				ECACBE842EFA58BB0090F990 /* String+Extension.swift */,
			);
			path = Extensions;
			sourceTree = "<group>";
		};
		ECACBE892F0A15DF0090F990 /* LoginView */ = {
			isa = PBXGroup;
			children = (
				ECACBE882F0A15DF0090F990 /* LoginView.swift */,
			);
			path = LoginView;
			sourceTree = "<group>";
		};
		ECACBE972F0A38490090F990 /* Theme */ = {
			isa = PBXGroup;
			children = (
				ECACBE942F0A38490090F990 /* EXThemeColor.swift */,
				ECACBE952F0A38490090F990 /* EXThemeColorDark.json */,
				ECACBE962F0A38490090F990 /* EXThemeColorLight.json */,
			);
			path = Theme;
			sourceTree = "<group>";
		};
/* End PBXGroup section */

/* Begin PBXNativeTarget section */
		1889F1222EF9214800886186 /* Perapera */ = {
			isa = PBXNativeTarget;
			buildConfigurationList = 1889F1312EF9214B00886186 /* Build configuration list for PBXNativeTarget "Perapera" */;
			buildPhases = (
				51796E56EBE3DCDF26FDAEEA /* [CP] Check Pods Manifest.lock */,
				1889F11F2EF9214800886186 /* Sources */,
				1889F1202EF9214800886186 /* Frameworks */,
				1889F1212EF9214800886186 /* Resources */,
			);
			buildRules = (
			);
			dependencies = (
			);
			name = Perapera;
			productName = Perapera;
			productReference = 1889F1232EF9214800886186 /* Perapera.app */;
			productType = "com.apple.product-type.application";
		};
/* End PBXNativeTarget section */

/* Begin PBXProject section */
		1889F11B2EF9214800886186 /* Project object */ = {
			isa = PBXProject;
			attributes = {
				BuildIndependentTargetsInParallel = 1;
				LastSwiftUpdateCheck = 1520;
				LastUpgradeCheck = 1520;
				TargetAttributes = {
					1889F1222EF9214800886186 = {
						CreatedOnToolsVersion = 15.2;
					};
				};
			};
			buildConfigurationList = 1889F11E2EF9214800886186 /* Build configuration list for PBXProject "Perapera" */;
			compatibilityVersion = "Xcode 14.0";
			developmentRegion = en;
			hasScannedForEncodings = 0;
			knownRegions = (
				en,
				Base,
				"zh-Hans",
				ja,
				ko,
				vi,
				"zh-Hant",
			);
			mainGroup = 1889F11A2EF9214800886186;
			productRefGroup = 1889F1242EF9214800886186 /* Products */;
			projectDirPath = "";
			projectRoot = "";
			targets = (
				1889F1222EF9214800886186 /* Perapera */,
			);
		};
/* End PBXProject section */

/* Begin PBXResourcesBuildPhase section */
		1889F1212EF9214800886186 /* Resources */ = {
			isa = PBXResourcesBuildPhase;
			buildActionMask = 2147483647;
			files = (
				1889F12E2EF9214B00886186 /* Preview Assets.xcassets in Resources */,
				ECACBE7E2EFA57210090F990 /* Localizable.strings in Resources */,
				1889F12B2EF9214B00886186 /* Assets.xcassets in Resources */,
				ECACBE982F0A38490090F990 /* EXThemeColorDark.json in Resources */,
				ECACBE992F0A38490090F990 /* EXThemeColorLight.json in Resources */,
			);
			runOnlyForDeploymentPostprocessing = 0;
		};
/* End PBXResourcesBuildPhase section */

/* Begin PBXShellScriptBuildPhase section */
		51796E56EBE3DCDF26FDAEEA /* [CP] Check Pods Manifest.lock */ = {
			isa = PBXShellScriptBuildPhase;
			buildActionMask = 2147483647;
			files = (
			);
			inputFileListPaths = (
			);
			inputPaths = (
				"${PODS_PODFILE_DIR_PATH}/Podfile.lock",
				"${PODS_ROOT}/Manifest.lock",
			);
			name = "[CP] Check Pods Manifest.lock";
			outputFileListPaths = (
			);
			outputPaths = (
				"$(DERIVED_FILE_DIR)/Pods-Perapera-checkManifestLockResult.txt",
			);
			runOnlyForDeploymentPostprocessing = 0;
			shellPath = /bin/sh;
			shellScript = "diff \"${PODS_PODFILE_DIR_PATH}/Podfile.lock\" \"${PODS_ROOT}/Manifest.lock\" > /dev/null\nif [ $? != 0 ] ; then\n    # print error to STDERR\n    echo \"error: The sandbox is not in sync with the Podfile.lock. Run 'pod install' or update your CocoaPods installation.\" >&2\n    exit 1\nfi\n# This output is used by Xcode 'outputs' to avoid re-running this script phase.\necho \"SUCCESS\" > \"${SCRIPT_OUTPUT_FILE_0}\"\n";
			showEnvVarsInLog = 0;
		};
/* End PBXShellScriptBuildPhase section */

/* Begin PBXSourcesBuildPhase section */
		1889F11F2EF9214800886186 /* Sources */ = {
			isa = PBXSourcesBuildPhase;
			buildActionMask = 2147483647;
			files = (
				1889F1292EF9214800886186 /* ContentView.swift in Sources */,
				ECACBE8A2F0A15DF0090F990 /* LoginView.swift in Sources */,
				1889F1272EF9214800886186 /* PeraperaApp.swift in Sources */,
				ECACBE9C2F0A4A5E0090F990 /* LanguageSettingsView.swift in Sources */,
				ECACBE702EF937930090F990 /* PodcastView.swift in Sources */,
				ECACBE9A2F0A38490090F990 /* EXThemeColor.swift in Sources */,
				ECACBE712EF937930090F990 /* HomeView.swift in Sources */,
				ECACBE862EFA58BB0090F990 /* String+Extension.swift in Sources */,
				ECACBE722EF937930090F990 /* SettingsView.swift in Sources */,
				ECACBE9E2F0A59430090F990 /* PUserDefault.swift in Sources */,
				ECACBE782EF938410090F990 /* SettingsRowView.swift in Sources */,
			);
			runOnlyForDeploymentPostprocessing = 0;
		};
/* End PBXSourcesBuildPhase section */

/* Begin PBXVariantGroup section */
		ECACBE7C2EFA57210090F990 /* Localizable.strings */ = {
			isa = PBXVariantGroup;
			children = (
				ECACBE7D2EFA57210090F990 /* en */,
				ECACBE7F2EFA57380090F990 /* zh-Hans */,
				ECACBE802EFA573B0090F990 /* ja */,
				ECACBE812EFA573C0090F990 /* ko */,
				ECACBE822EFA573D0090F990 /* vi */,
				ECACBE872EFA5D4D0090F990 /* zh-Hant */,
			);
			name = Localizable.strings;
			sourceTree = "<group>";
		};
/* End PBXVariantGroup section */

/* Begin XCBuildConfiguration section */
		1889F12F2EF9214B00886186 /* Debug */ = {
			isa = XCBuildConfiguration;
			buildSettings = {
				ALWAYS_SEARCH_USER_PATHS = NO;
				ASSETCATALOG_COMPILER_GENERATE_SWIFT_ASSET_SYMBOL_EXTENSIONS = YES;
				CLANG_ANALYZER_NONNULL = YES;
				CLANG_ANALYZER_NUMBER_OBJECT_CONVERSION = YES_AGGRESSIVE;
				CLANG_CXX_LANGUAGE_STANDARD = "gnu++20";
				CLANG_ENABLE_MODULES = YES;
				CLANG_ENABLE_OBJC_ARC = YES;
				CLANG_ENABLE_OBJC_WEAK = YES;
				CLANG_WARN_BLOCK_CAPTURE_AUTORELEASING = YES;
				CLANG_WARN_BOOL_CONVERSION = YES;
				CLANG_WARN_COMMA = YES;
				CLANG_WARN_CONSTANT_CONVERSION = YES;
				CLANG_WARN_DEPRECATED_OBJC_IMPLEMENTATIONS = YES;
				CLANG_WARN_DIRECT_OBJC_ISA_USAGE = YES_ERROR;
				CLANG_WARN_DOCUMENTATION_COMMENTS = YES;
				CLANG_WARN_EMPTY_BODY = YES;
				CLANG_WARN_ENUM_CONVERSION = YES;
				CLANG_WARN_INFINITE_RECURSION = YES;
				CLANG_WARN_INT_CONVERSION = YES;
				CLANG_WARN_NON_LITERAL_NULL_CONVERSION = YES;
				CLANG_WARN_OBJC_IMPLICIT_RETAIN_SELF = YES;
				CLANG_WARN_OBJC_LITERAL_CONVERSION = YES;
				CLANG_WARN_OBJC_ROOT_CLASS = YES_ERROR;
				CLANG_WARN_QUOTED_INCLUDE_IN_FRAMEWORK_HEADER = YES;
				CLANG_WARN_RANGE_LOOP_ANALYSIS = YES;
				CLANG_WARN_STRICT_PROTOTYPES = YES;
				CLANG_WARN_SUSPICIOUS_MOVE = YES;
				CLANG_WARN_UNGUARDED_AVAILABILITY = YES_AGGRESSIVE;
				CLANG_WARN_UNREACHABLE_CODE = YES;
				CLANG_WARN__DUPLICATE_METHOD_MATCH = YES;
				COPY_PHASE_STRIP = NO;
				DEBUG_INFORMATION_FORMAT = dwarf;
				ENABLE_STRICT_OBJC_MSGSEND = YES;
				ENABLE_TESTABILITY = YES;
				ENABLE_USER_SCRIPT_SANDBOXING = YES;
				GCC_C_LANGUAGE_STANDARD = gnu17;
				GCC_DYNAMIC_NO_PIC = NO;
				GCC_NO_COMMON_BLOCKS = YES;
				GCC_OPTIMIZATION_LEVEL = 0;
				GCC_PREPROCESSOR_DEFINITIONS = (
					"DEBUG=1",
					"$(inherited)",
				);
				GCC_WARN_64_TO_32_BIT_CONVERSION = YES;
				GCC_WARN_ABOUT_RETURN_TYPE = YES_ERROR;
				GCC_WARN_UNDECLARED_SELECTOR = YES;
				GCC_WARN_UNINITIALIZED_AUTOS = YES_AGGRESSIVE;
				GCC_WARN_UNUSED_FUNCTION = YES;
				GCC_WARN_UNUSED_VARIABLE = YES;
				IPHONEOS_DEPLOYMENT_TARGET = 17.2;
				LOCALIZATION_PREFERS_STRING_CATALOGS = YES;
				MTL_ENABLE_DEBUG_INFO = INCLUDE_SOURCE;
				MTL_FAST_MATH = YES;
				ONLY_ACTIVE_ARCH = YES;
				SDKROOT = iphoneos;
				SWIFT_ACTIVE_COMPILATION_CONDITIONS = "DEBUG $(inherited)";
				SWIFT_OPTIMIZATION_LEVEL = "-Onone";
			};
			name = Debug;
		};
		1889F1302EF9214B00886186 /* Release */ = {
			isa = XCBuildConfiguration;
			buildSettings = {
				ALWAYS_SEARCH_USER_PATHS = NO;
				ASSETCATALOG_COMPILER_GENERATE_SWIFT_ASSET_SYMBOL_EXTENSIONS = YES;
				CLANG_ANALYZER_NONNULL = YES;
				CLANG_ANALYZER_NUMBER_OBJECT_CONVERSION = YES_AGGRESSIVE;
				CLANG_CXX_LANGUAGE_STANDARD = "gnu++20";
				CLANG_ENABLE_MODULES = YES;
				CLANG_ENABLE_OBJC_ARC = YES;
				CLANG_ENABLE_OBJC_WEAK = YES;
				CLANG_WARN_BLOCK_CAPTURE_AUTORELEASING = YES;
				CLANG_WARN_BOOL_CONVERSION = YES;
				CLANG_WARN_COMMA = YES;
				CLANG_WARN_CONSTANT_CONVERSION = YES;
				CLANG_WARN_DEPRECATED_OBJC_IMPLEMENTATIONS = YES;
				CLANG_WARN_DIRECT_OBJC_ISA_USAGE = YES_ERROR;
				CLANG_WARN_DOCUMENTATION_COMMENTS = YES;
				CLANG_WARN_EMPTY_BODY = YES;
				CLANG_WARN_ENUM_CONVERSION = YES;
				CLANG_WARN_INFINITE_RECURSION = YES;
				CLANG_WARN_INT_CONVERSION = YES;
				CLANG_WARN_NON_LITERAL_NULL_CONVERSION = YES;
				CLANG_WARN_OBJC_IMPLICIT_RETAIN_SELF = YES;
				CLANG_WARN_OBJC_LITERAL_CONVERSION = YES;
				CLANG_WARN_OBJC_ROOT_CLASS = YES_ERROR;
				CLANG_WARN_QUOTED_INCLUDE_IN_FRAMEWORK_HEADER = YES;
				CLANG_WARN_RANGE_LOOP_ANALYSIS = YES;
				CLANG_WARN_STRICT_PROTOTYPES = YES;
				CLANG_WARN_SUSPICIOUS_MOVE = YES;
				CLANG_WARN_UNGUARDED_AVAILABILITY = YES_AGGRESSIVE;
				CLANG_WARN_UNREACHABLE_CODE = YES;
				CLANG_WARN__DUPLICATE_METHOD_MATCH = YES;
				COPY_PHASE_STRIP = NO;
				DEBUG_INFORMATION_FORMAT = "dwarf-with-dsym";
				ENABLE_NS_ASSERTIONS = NO;
				ENABLE_STRICT_OBJC_MSGSEND = YES;
				ENABLE_USER_SCRIPT_SANDBOXING = YES;
				GCC_C_LANGUAGE_STANDARD = gnu17;
				GCC_NO_COMMON_BLOCKS = YES;
				GCC_WARN_64_TO_32_BIT_CONVERSION = YES;
				GCC_WARN_ABOUT_RETURN_TYPE = YES_ERROR;
				GCC_WARN_UNDECLARED_SELECTOR = YES;
				GCC_WARN_UNINITIALIZED_AUTOS = YES_AGGRESSIVE;
				GCC_WARN_UNUSED_FUNCTION = YES;
				GCC_WARN_UNUSED_VARIABLE = YES;
				IPHONEOS_DEPLOYMENT_TARGET = 17.2;
				LOCALIZATION_PREFERS_STRING_CATALOGS = YES;
				MTL_ENABLE_DEBUG_INFO = NO;
				MTL_FAST_MATH = YES;
				SDKROOT = iphoneos;
				SWIFT_COMPILATION_MODE = wholemodule;
				VALIDATE_PRODUCT = YES;
			};
			name = Release;
		};
		1889F1322EF9214B00886186 /* Debug */ = {
			isa = XCBuildConfiguration;
			baseConfigurationReference = CFAB7CB32CEF237A51D6C48C /* Pods-Perapera.debug.xcconfig */;
			buildSettings = {
				ASSETCATALOG_COMPILER_APPICON_NAME = AppIcon;
				ASSETCATALOG_COMPILER_GLOBAL_ACCENT_COLOR_NAME = AccentColor;
				CODE_SIGN_STYLE = Automatic;
				CURRENT_PROJECT_VERSION = 1;
				DEVELOPMENT_ASSET_PATHS = "\"Perapera/Preview Content\"";
				DEVELOPMENT_TEAM = 49LG6W98ZJ;
				ENABLE_PREVIEWS = YES;
				GENERATE_INFOPLIST_FILE = YES;
				INFOPLIST_KEY_UIApplicationSceneManifest_Generation = YES;
				INFOPLIST_KEY_UIApplicationSupportsIndirectInputEvents = YES;
				INFOPLIST_KEY_UILaunchScreen_Generation = YES;
				INFOPLIST_KEY_UISupportedInterfaceOrientations_iPad = "UIInterfaceOrientationPortrait UIInterfaceOrientationPortraitUpsideDown UIInterfaceOrientationLandscapeLeft UIInterfaceOrientationLandscapeRight";
				INFOPLIST_KEY_UISupportedInterfaceOrientations_iPhone = "UIInterfaceOrientationPortrait UIInterfaceOrientationLandscapeLeft UIInterfaceOrientationLandscapeRight";
				LD_RUNPATH_SEARCH_PATHS = (
					"$(inherited)",
					"@executable_path/Frameworks",
				);
				MARKETING_VERSION = 1.0;
				PRODUCT_BUNDLE_IDENTIFIER = com.perapera.perapera;
				PRODUCT_NAME = "$(TARGET_NAME)";
				SWIFT_EMIT_LOC_STRINGS = YES;
				SWIFT_VERSION = 5.0;
				TARGETED_DEVICE_FAMILY = "1,2";
			};
			name = Debug;
		};
		1889F1332EF9214B00886186 /* Release */ = {
			isa = XCBuildConfiguration;
			baseConfigurationReference = 491A0925D6AF62417AAC3DA0 /* Pods-Perapera.release.xcconfig */;
			buildSettings = {
				ASSETCATALOG_COMPILER_APPICON_NAME = AppIcon;
				ASSETCATALOG_COMPILER_GLOBAL_ACCENT_COLOR_NAME = AccentColor;
				CODE_SIGN_STYLE = Automatic;
				CURRENT_PROJECT_VERSION = 1;
				DEVELOPMENT_ASSET_PATHS = "\"Perapera/Preview Content\"";
				DEVELOPMENT_TEAM = 49LG6W98ZJ;
				ENABLE_PREVIEWS = YES;
				GENERATE_INFOPLIST_FILE = YES;
				INFOPLIST_KEY_UIApplicationSceneManifest_Generation = YES;
				INFOPLIST_KEY_UIApplicationSupportsIndirectInputEvents = YES;
				INFOPLIST_KEY_UILaunchScreen_Generation = YES;
				INFOPLIST_KEY_UISupportedInterfaceOrientations_iPad = "UIInterfaceOrientationPortrait UIInterfaceOrientationPortraitUpsideDown UIInterfaceOrientationLandscapeLeft UIInterfaceOrientationLandscapeRight";
				INFOPLIST_KEY_UISupportedInterfaceOrientations_iPhone = "UIInterfaceOrientationPortrait UIInterfaceOrientationLandscapeLeft UIInterfaceOrientationLandscapeRight";
				LD_RUNPATH_SEARCH_PATHS = (
					"$(inherited)",
					"@executable_path/Frameworks",
				);
				MARKETING_VERSION = 1.0;
				PRODUCT_BUNDLE_IDENTIFIER = com.perapera.perapera;
				PRODUCT_NAME = "$(TARGET_NAME)";
				SWIFT_EMIT_LOC_STRINGS = YES;
				SWIFT_VERSION = 5.0;
				TARGETED_DEVICE_FAMILY = "1,2";
			};
			name = Release;
		};
/* End XCBuildConfiguration section */

/* Begin XCConfigurationList section */
		1889F11E2EF9214800886186 /* Build configuration list for PBXProject "Perapera" */ = {
			isa = XCConfigurationList;
			buildConfigurations = (
				1889F12F2EF9214B00886186 /* Debug */,
				1889F1302EF9214B00886186 /* Release */,
			);
			defaultConfigurationIsVisible = 0;
			defaultConfigurationName = Release;
		};
		1889F1312EF9214B00886186 /* Build configuration list for PBXNativeTarget "Perapera" */ = {
			isa = XCConfigurationList;
			buildConfigurations = (
				1889F1322EF9214B00886186 /* Debug */,
				1889F1332EF9214B00886186 /* Release */,
			);
			defaultConfigurationIsVisible = 0;
			defaultConfigurationName = Release;
		};
/* End XCConfigurationList section */
	};
	rootObject = 1889F11B2EF9214800886186 /* Project object */;
}
