// !$*UTF8*$!
{
	archiveVersion = 1;
	classes = {
	};
	objectVersion = 56;
	objects = {

/* Begin PBXBuildFile section */
		184C06CA2FB815F1001114A3 /* YTAudioModel.swift in Sources */ = {isa = PBXBuildFile; fileRef = 184C06C92FB815DD001114A3 /* YTAudioModel.swift */; };
		1889F1272EF9214800886186 /* PeraperaApp.swift in Sources */ = {isa = PBXBuildFile; fileRef = 1889F1262EF9214800886186 /* PeraperaApp.swift */; };
		1889F1292EF9214800886186 /* ContentView.swift in Sources */ = {isa = PBXBuildFile; fileRef = 1889F1282EF9214800886186 /* ContentView.swift */; };
		1889F12B2EF9214B00886186 /* Assets.xcassets in Resources */ = {isa = PBXBuildFile; fileRef = 1889F12A2EF9214B00886186 /* Assets.xcassets */; };
		1889F12E2EF9214B00886186 /* Preview Assets.xcassets in Resources */ = {isa = PBXBuildFile; fileRef = 1889F12D2EF9214B00886186 /* Preview Assets.xcassets */; };
		18CA306E2F2787DE00CA9B62 /* VideoPlayerView.swift in Sources */ = {isa = PBXBuildFile; fileRef = 18CA306C2F2787DE00CA9B62 /* VideoPlayerView.swift */; };
		18CA306F2F2787DE00CA9B62 /* VideoPlayerViewModel.swift in Sources */ = {isa = PBXBuildFile; fileRef = 18CA306D2F2787DE00CA9B62 /* VideoPlayerViewModel.swift */; };
		18CA30742F27884E00CA9B62 /* SubtitleModel.swift in Sources */ = {isa = PBXBuildFile; fileRef = 18CA30732F27884E00CA9B62 /* SubtitleModel.swift */; };
		18CA30772F47DE00CA9B64 /* YouTubePlayerView.swift in Sources */ = {isa = PBXBuildFile; fileRef = 18CA30752F47DE00CA9B62 /* YouTubePlayerView.swift */; };
		18CA30782F47DE00CA9B65 /* URL+YouTube.swift in Sources */ = {isa = PBXBuildFile; fileRef = 18CA30762F47DE00CA9B63 /* URL+YouTube.swift */; };
		63E8236487D966A6BECCFB09 /* Pods_Perapera.framework in Frameworks */ = {isa = PBXBuildFile; fileRef = 92228B25C99537B2CD47D806 /* Pods_Perapera.framework */; };
		EC31CE7F2F1491C80040B489 /* LoginModel.swift in Sources */ = {isa = PBXBuildFile; fileRef = EC31CE7E2F1491C80040B489 /* LoginModel.swift */; };
		EC7FEF022F284BCA0007BCA6 /* UserManager.swift in Sources */ = {isa = PBXBuildFile; fileRef = EC7FEF012F284BCA0007BCA6 /* UserManager.swift */; };
		EC7FEF052F284EE50007BCA6 /* PurchaseView.swift in Sources */ = {isa = PBXBuildFile; fileRef = EC7FEF032F284EE50007BCA6 /* PurchaseView.swift */; };
		EC7FEF082F2854920007BCA6 /* SubtitleSettingsView.swift in Sources */ = {isa = PBXBuildFile; fileRef = EC7FEF062F2854920007BCA6 /* SubtitleSettingsView.swift */; };
		EC7FEF1E2F4D57C90007BCA6 /* AudioConverter.swift in Sources */ = {isa = PBXBuildFile; fileRef = EC7FEF1C2F4D57C90007BCA6 /* AudioConverter.swift */; };
		EC7FEF1F2F4D57C90007BCA6 /* VideoStorageManager.swift in Sources */ = {isa = PBXBuildFile; fileRef = EC7FEF1D2F4D57C90007BCA6 /* VideoStorageManager.swift */; };
		EC7FEF212F4D57F00007BCA6 /* HomeViewModel.swift in Sources */ = {isa = PBXBuildFile; fileRef = EC7FEF202F4D57F00007BCA6 /* HomeViewModel.swift */; };
		EC7FEF292F4D58150007BCA6 /* HunyuanManager.swift in Sources */ = {isa = PBXBuildFile; fileRef = EC7FEF272F4D58150007BCA6 /* HunyuanManager.swift */; };
		EC7FEF2A2F4D58150007BCA6 /* ASRManager.swift in Sources */ = {isa = PBXBuildFile; fileRef = EC7FEF232F4D58150007BCA6 /* ASRManager.swift */; };
		EC7FEF2B2F4D58150007BCA6 /* COSUploadManager.swift in Sources */ = {isa = PBXBuildFile; fileRef = EC7FEF252F4D58150007BCA6 /* COSUploadManager.swift */; };
		EC7FEF2C2F4D58150007BCA6 /* HunyuanConfig.swift in Sources */ = {isa = PBXBuildFile; fileRef = EC7FEF262F4D58150007BCA6 /* HunyuanConfig.swift */; };
		EC7FEF2D2F4D58150007BCA6 /* COSConfig.swift in Sources */ = {isa = PBXBuildFile; fileRef = EC7FEF242F4D58150007BCA6 /* COSConfig.swift */; };
		EC7FEF2E2F4D58150007BCA6 /* ASRConfig.swift in Sources */ = {isa = PBXBuildFile; fileRef = EC7FEF222F4D58150007BCA6 /* ASRConfig.swift */; };
		EC7FEF302F4D59B10007BCA6 /* COSConfig.local.swift in Sources */ = {isa = PBXBuildFile; fileRef = EC7FEF2F2F4D59B10007BCA6 /* COSConfig.local.swift */; };
		EC7FEF322F4D59C80007BCA6 /* HunyuanConfig.local.swift in Sources */ = {isa = PBXBuildFile; fileRef = EC7FEF312F4D59C80007BCA6 /* HunyuanConfig.local.swift */; };
		ECACBE702EF937930090F990 /* PodcastView.swift in Sources */ = {isa = PBXBuildFile; fileRef = ECACBE6E2EF937930090F990 /* PodcastView.swift */; };
		ECACBE712EF937930090F990 /* HomeView.swift in Sources */ = {isa = PBXBuildFile; fileRef = ECACBE6D2EF937930090F990 /* HomeView.swift */; };
		ECACBE722EF937930090F990 /* SettingsView.swift in Sources */ = {isa = PBXBuildFile; fileRef = ECACBE6F2EF937930090F990 /* SettingsView.swift */; };
		ECACBE782EF938410090F990 /* SettingsRowView.swift in Sources */ = {isa = PBXBuildFile; fileRef = ECACBE772EF938410090F990 /* SettingsRowView.swift */; };
		ECACBE7E2EFA57210090F990 /* Localizable.strings in Resources */ = {isa = PBXBuildFile; fileRef = ECACBE7C2EFA57210090F990 /* Localizable.strings */; };
		ECACBE862EFA58BB0090F990 /* String+Extension.swift in Sources */ = {isa = PBXBuildFile; fileRef = ECACBE842EFA58BB0090F990 /* String+Extension.swift */; };
		ECACBE8A2F0A15DF0090F990 /* LoginView.swift in Sources */ = {isa = PBXBuildFile; fileRef = ECACBE882F0A15DF0090F990 /* LoginView.swift */; };
		ECACBE982F0A38490090F990 /* EXThemeColorDark.json in Resources */ = {isa = PBXBuildFile; fileRef = ECACBE952F0A38490090F990 /* EXThemeColorDark.json */; };
		ECACBE992F0A38490090F990 /* EXThemeColorLight.json in Resources */ = {isa = PBXBuildFile; fileRef = ECACBE962F0A38490090F990 /* EXThemeColorLight.json */; };
		ECACBE9A2F0A38490090F990 /* EXThemeColor.swift in Sources */ = {isa = PBXBuildFile; fileRef = ECACBE942F0A38490090F990 /* EXThemeColor.swift */; };
		ECACBE9C2F0A4A5E0090F990 /* LanguageSettingsView.swift in Sources */ = {isa = PBXBuildFile; fileRef = ECACBE9B2F0A4A5E0090F990 /* LanguageSettingsView.swift */; };
		ECACBE9E2F0A59430090F990 /* PUserDefault.swift in Sources */ = {isa = PBXBuildFile; fileRef = ECACBE9D2F0A59430090F990 /* PUserDefault.swift */; };
		ECACBEA02F0A5EC80090F990 /* LanguageManager.swift in Sources */ = {isa = PBXBuildFile; fileRef = ECACBE9F2F0A5EC80090F990 /* LanguageManager.swift */; };
		ECACBF0F2F0B59880090F990 /* AppAPIEndPoint.swift in Sources */ = {isa = PBXBuildFile; fileRef = ECACBF052F0B59880090F990 /* AppAPIEndPoint.swift */; };
		ECACBF102F0B59880090F990 /* NetWorkService.swift in Sources */ = {isa = PBXBuildFile; fileRef = ECACBF0B2F0B59880090F990 /* NetWorkService.swift */; };
		ECACBF112F0B59880090F990 /* MoyaLoadingPlugin.swift in Sources */ = {isa = PBXBuildFile; fileRef = ECACBF0A2F0B59880090F990 /* MoyaLoadingPlugin.swift */; };
		ECACBF122F0B59880090F990 /* Observable+HandyJSON.swift in Sources */ = {isa = PBXBuildFile; fileRef = ECACBF0C2F0B59880090F990 /* Observable+HandyJSON.swift */; };
		ECACBF132F0B59880090F990 /* XHUDManager.swift in Sources */ = {isa = PBXBuildFile; fileRef = ECACBF0D2F0B59880090F990 /* XHUDManager.swift */; };
		ECACBF142F0B59880090F990 /* EXZendeskNoticeModel.swift in Sources */ = {isa = PBXBuildFile; fileRef = ECACBF072F0B59880090F990 /* EXZendeskNoticeModel.swift */; };
		ECACBF152F0B59880090F990 /* EXTracking.swift in Sources */ = {isa = PBXBuildFile; fileRef = ECACBF092F0B59880090F990 /* EXTracking.swift */; };
		ECACBF1C2F0B8D5F0090F990 /* SupportLanguageModel.swift in Sources */ = {isa = PBXBuildFile; fileRef = ECACBF1B2F0B8D5F0090F990 /* SupportLanguageModel.swift */; };
		ECACBF1E2F0B9A340090F990 /* AppKeys.swift in Sources */ = {isa = PBXBuildFile; fileRef = ECACBF1D2F0B9A340090F990 /* AppKeys.swift */; };
		ECACBF202F0BB6A40090F990 /* SendCaptchaModel.swift in Sources */ = {isa = PBXBuildFile; fileRef = ECACBF1F2F0BB6A40090F990 /* SendCaptchaModel.swift */; };
		ECACBF232F0BB8B20090F990 /* ToastView.swift in Sources */ = {isa = PBXBuildFile; fileRef = ECACBF212F0BB8B20090F990 /* ToastView.swift */; };
		ECACBF352F0BC8170090F990 /* AppIcon-1024.png in Resources */ = {isa = PBXBuildFile; fileRef = ECACBF342F0BC8170090F990 /* AppIcon-1024.png */; };
		ECACBF362F0BC8170090F990 /* AppIcon-83.5@2x.png in Resources */ = {isa = PBXBuildFile; fileRef = ECACBF332F0BC8170090F990 /* AppIcon-83.5@2x.png */; };
		ECACBF372F0BC8170090F990 /* AppIcon-38@2x.png in Resources */ = {isa = PBXBuildFile; fileRef = ECACBF282F0BC8170090F990 /* AppIcon-38@2x.png */; };
		ECACBF382F0BC8170090F990 /* AppIcon-40@2x.png in Resources */ = {isa = PBXBuildFile; fileRef = ECACBF2A2F0BC8170090F990 /* AppIcon-40@2x.png */; };
		ECACBF392F0BC8170090F990 /* AppIcon-29@2x.png in Resources */ = {isa = PBXBuildFile; fileRef = ECACBF262F0BC8170090F990 /* AppIcon-29@2x.png */; };
		ECACBF3A2F0BC8170090F990 /* AppIcon-64@3x.png in Resources */ = {isa = PBXBuildFile; fileRef = ECACBF2F2F0BC8170090F990 /* AppIcon-64@3x.png */; };
		ECACBF3B2F0BC8170090F990 /* AppIcon-68@2x.png in Resources */ = {isa = PBXBuildFile; fileRef = ECACBF302F0BC8170090F990 /* AppIcon-68@2x.png */; };
		ECACBF3C2F0BC8170090F990 /* AppIcon-20@3x.png in Resources */ = {isa = PBXBuildFile; fileRef = ECACBF252F0BC8170090F990 /* AppIcon-20@3x.png */; };
		ECACBF3D2F0BC8170090F990 /* AppIcon-38@3x.png in Resources */ = {isa = PBXBuildFile; fileRef = ECACBF292F0BC8170090F990 /* AppIcon-38@3x.png */; };
		ECACBF3E2F0BC8170090F990 /* AppIcon-60@2x.png in Resources */ = {isa = PBXBuildFile; fileRef = ECACBF2C2F0BC8170090F990 /* AppIcon-60@2x.png */; };
		ECACBF3F2F0BC8170090F990 /* AppIcon-20@2x.png in Resources */ = {isa = PBXBuildFile; fileRef = ECACBF242F0BC8170090F990 /* AppIcon-20@2x.png */; };
		ECACBF402F0BC8170090F990 /* AppIcon-40@3x.png in Resources */ = {isa = PBXBuildFile; fileRef = ECACBF2B2F0BC8170090F990 /* AppIcon-40@3x.png */; };
		ECACBF412F0BC8170090F990 /* AppIcon-60@3x.png in Resources */ = {isa = PBXBuildFile; fileRef = ECACBF2D2F0BC8170090F990 /* AppIcon-60@3x.png */; };
		ECACBF422F0BC8170090F990 /* AppIcon-64@2x.png in Resources */ = {isa = PBXBuildFile; fileRef = ECACBF2E2F0BC8170090F990 /* AppIcon-64@2x.png */; };
		ECACBF432F0BC8170090F990 /* AppIcon-76.png in Resources */ = {isa = PBXBuildFile; fileRef = ECACBF312F0BC8170090F990 /* AppIcon-76.png */; };
		ECACBF442F0BC8170090F990 /* AppIcon-76@2x.png in Resources */ = {isa = PBXBuildFile; fileRef = ECACBF322F0BC8170090F990 /* AppIcon-76@2x.png */; };
		ECACBF452F0BC8170090F990 /* AppIcon-29@3x.png in Resources */ = {isa = PBXBuildFile; fileRef = ECACBF272F0BC8170090F990 /* AppIcon-29@3x.png */; };
		F0A1B2C3D4E5F60718293A41 /* LaunchScreen.storyboard in Resources */ = {isa = PBXBuildFile; fileRef = F0A1B2C3D4E5F60718293A40 /* LaunchScreen.storyboard */; };
/* End PBXBuildFile section */

/* Begin PBXFileReference section */
		184C06C92FB815DD001114A3 /* YTAudioModel.swift */ = {isa = PBXFileReference; fileEncoding = 4; lastKnownFileType = sourcecode.swift; path = YTAudioModel.swift; sourceTree = "<group>"; };
		1889F1232EF9214800886186 /* Perapera.app */ = {isa = PBXFileReference; explicitFileType = wrapper.application; includeInIndex = 0; path = Perapera.app; sourceTree = BUILT_PRODUCTS_DIR; };
		1889F1262EF9214800886186 /* PeraperaApp.swift */ = {isa = PBXFileReference; lastKnownFileType = sourcecode.swift; path = PeraperaApp.swift; sourceTree = "<group>"; };
		1889F1282EF9214800886186 /* ContentView.swift */ = {isa = PBXFileReference; lastKnownFileType = sourcecode.swift; path = ContentView.swift; sourceTree = "<group>"; };
		1889F12A2EF9214B00886186 /* Assets.xcassets */ = {isa = PBXFileReference; lastKnownFileType = folder.assetcatalog; path = Assets.xcassets; sourceTree = "<group>"; };
		1889F12D2EF9214B00886186 /* Preview Assets.xcassets */ = {isa = PBXFileReference; lastKnownFileType = folder.assetcatalog; path = "Preview Assets.xcassets"; sourceTree = "<group>"; };
		18CA306C2F2787DE00CA9B62 /* VideoPlayerView.swift */ = {isa = PBXFileReference; fileEncoding = 4; lastKnownFileType = sourcecode.swift; name = VideoPlayerView.swift; path = VideoPlayerView/VideoPlayerView.swift; sourceTree = "<group>"; };
		18CA306D2F2787DE00CA9B62 /* VideoPlayerViewModel.swift */ = {isa = PBXFileReference; fileEncoding = 4; lastKnownFileType = sourcecode.swift; name = VideoPlayerViewModel.swift; path = VideoPlayerView/VideoPlayerViewModel.swift; sourceTree = "<group>"; };
		18CA30732F27884E00CA9B62 /* SubtitleModel.swift */ = {isa = PBXFileReference; fileEncoding = 4; lastKnownFileType = sourcecode.swift; name = SubtitleModel.swift; path = Models/SubtitleModel.swift; sourceTree = "<group>"; };
		18CA30752F47DE00CA9B62 /* YouTubePlayerView.swift */ = {isa = PBXFileReference; fileEncoding = 4; lastKnownFileType = sourcecode.swift; name = YouTubePlayerView.swift; path = VideoPlayerView/YouTubePlayerView.swift; sourceTree = "<group>"; };
		18CA30762F47DE00CA9B63 /* URL+YouTube.swift */ = {isa = PBXFileReference; lastKnownFileType = sourcecode.swift; path = "URL+YouTube.swift"; sourceTree = "<group>"; };
		491A0925D6AF62417AAC3DA0 /* Pods-Perapera.release.xcconfig */ = {isa = PBXFileReference; includeInIndex = 1; lastKnownFileType = text.xcconfig; name = "Pods-Perapera.release.xcconfig"; path = "Target Support Files/Pods-Perapera/Pods-Perapera.release.xcconfig"; sourceTree = "<group>"; };
		92228B25C99537B2CD47D806 /* Pods_Perapera.framework */ = {isa = PBXFileReference; explicitFileType = wrapper.framework; includeInIndex = 0; path = Pods_Perapera.framework; sourceTree = BUILT_PRODUCTS_DIR; };
		CFAB7CB32CEF237A51D6C48C /* Pods-Perapera.debug.xcconfig */ = {isa = PBXFileReference; includeInIndex = 1; lastKnownFileType = text.xcconfig; name = "Pods-Perapera.debug.xcconfig"; path = "Target Support Files/Pods-Perapera/Pods-Perapera.debug.xcconfig"; sourceTree = "<group>"; };
		EC31CE7E2F1491C80040B489 /* LoginModel.swift */ = {isa = PBXFileReference; lastKnownFileType = sourcecode.swift; path = LoginModel.swift; sourceTree = "<group>"; };
		EC7FEF012F284BCA0007BCA6 /* UserManager.swift */ = {isa = PBXFileReference; lastKnownFileType = sourcecode.swift; path = UserManager.swift; sourceTree = "<group>"; };
		EC7FEF032F284EE50007BCA6 /* PurchaseView.swift */ = {isa = PBXFileReference; lastKnownFileType = sourcecode.swift; path = PurchaseView.swift; sourceTree = "<group>"; };
		EC7FEF062F2854920007BCA6 /* SubtitleSettingsView.swift */ = {isa = PBXFileReference; lastKnownFileType = sourcecode.swift; path = SubtitleSettingsView.swift; sourceTree = "<group>"; };
		EC7FEF1C2F4D57C90007BCA6 /* AudioConverter.swift */ = {isa = PBXFileReference; lastKnownFileType = sourcecode.swift; path = AudioConverter.swift; sourceTree = "<group>"; };
		EC7FEF1D2F4D57C90007BCA6 /* VideoStorageManager.swift */ = {isa = PBXFileReference; lastKnownFileType = sourcecode.swift; path = VideoStorageManager.swift; sourceTree = "<group>"; };
		EC7FEF202F4D57F00007BCA6 /* HomeViewModel.swift */ = {isa = PBXFileReference; lastKnownFileType = sourcecode.swift; path = HomeViewModel.swift; sourceTree = "<group>"; };
		EC7FEF222F4D58150007BCA6 /* ASRConfig.swift */ = {isa = PBXFileReference; lastKnownFileType = sourcecode.swift; path = ASRConfig.swift; sourceTree = "<group>"; };
		EC7FEF232F4D58150007BCA6 /* ASRManager.swift */ = {isa = PBXFileReference; lastKnownFileType = sourcecode.swift; path = ASRManager.swift; sourceTree = "<group>"; };
		EC7FEF242F4D58150007BCA6 /* COSConfig.swift */ = {isa = PBXFileReference; lastKnownFileType = sourcecode.swift; path = COSConfig.swift; sourceTree = "<group>"; };
		EC7FEF252F4D58150007BCA6 /* COSUploadManager.swift */ = {isa = PBXFileReference; lastKnownFileType = sourcecode.swift; path = COSUploadManager.swift; sourceTree = "<group>"; };
		EC7FEF262F4D58150007BCA6 /* HunyuanConfig.swift */ = {isa = PBXFileReference; lastKnownFileType = sourcecode.swift; path = HunyuanConfig.swift; sourceTree = "<group>"; };
		EC7FEF272F4D58150007BCA6 /* HunyuanManager.swift */ = {isa = PBXFileReference; lastKnownFileType = sourcecode.swift; path = HunyuanManager.swift; sourceTree = "<group>"; };
		EC7FEF2F2F4D59B10007BCA6 /* COSConfig.local.swift */ = {isa = PBXFileReference; lastKnownFileType = sourcecode.swift; path = COSConfig.local.swift; sourceTree = "<group>"; };
		EC7FEF312F4D59C80007BCA6 /* HunyuanConfig.local.swift */ = {isa = PBXFileReference; lastKnownFileType = sourcecode.swift; path = HunyuanConfig.local.swift; sourceTree = "<group>"; };
		ECACBE6D2EF937930090F990 /* HomeView.swift */ = {isa = PBXFileReference; lastKnownFileType = sourcecode.swift; path = HomeView.swift; sourceTree = "<group>"; };
		ECACBE6E2EF937930090F990 /* PodcastView.swift */ = {isa = PBXFileReference; lastKnownFileType = sourcecode.swift; path = PodcastView.swift; sourceTree = "<group>"; };
		ECACBE6F2EF937930090F990 /* SettingsView.swift */ = {isa = PBXFileReference; lastKnownFileType = sourcecode.swift; path = SettingsView.swift; sourceTree = "<group>"; };
		ECACBE772EF938410090F990 /* SettingsRowView.swift */ = {isa = PBXFileReference; lastKnownFileType = sourcecode.swift; path = SettingsRowView.swift; sourceTree = "<group>"; };
		ECACBE7D2EFA57210090F990 /* en */ = {isa = PBXFileReference; lastKnownFileType = text.plist.strings; name = en; path = en.lproj/Localizable.strings; sourceTree = "<group>"; };
		ECACBE7F2EFA57380090F990 /* zh-Hans */ = {isa = PBXFileReference; lastKnownFileType = text.plist.strings; name = "zh-Hans"; path = "zh-Hans.lproj/Localizable.strings"; sourceTree = "<group>"; };
		ECACBE802EFA573B0090F990 /* ja */ = {isa = PBXFileReference; lastKnownFileType = text.plist.strings; name = ja; path = ja.lproj/Localizable.strings; sourceTree = "<group>"; };
		ECACBE812EFA573C0090F990 /* ko */ = {isa = PBXFileReference; lastKnownFileType = text.plist.strings; name = ko; path = ko.lproj/Localizable.strings; sourceTree = "<group>"; };
		ECACBE822EFA573D0090F990 /* vi */ = {isa = PBXFileReference; lastKnownFileType = text.plist.strings; name = vi; path = vi.lproj/Localizable.strings; sourceTree = "<group>"; };
		ECACBE842EFA58BB0090F990 /* String+Extension.swift */ = {isa = PBXFileReference; lastKnownFileType = sourcecode.swift; path = "String+Extension.swift"; sourceTree = "<group>"; };
		ECACBE872EFA5D4D0090F990 /* zh-Hant */ = {isa = PBXFileReference; lastKnownFileType = text.plist.strings; name = "zh-Hant"; path = "zh-Hant.lproj/Localizable.strings"; sourceTree = "<group>"; };
		ECACBE882F0A15DF0090F990 /* LoginView.swift */ = {isa = PBXFileReference; lastKnownFileType = sourcecode.swift; path = LoginView.swift; sourceTree = "<group>"; };
		ECACBE942F0A38490090F990 /* EXThemeColor.swift */ = {isa = PBXFileReference; lastKnownFileType = sourcecode.swift; path = EXThemeColor.swift; sourceTree = "<group>"; };
		ECACBE952F0A38490090F990 /* EXThemeColorDark.json */ = {isa = PBXFileReference; lastKnownFileType = text.json; path = EXThemeColorDark.json; sourceTree = "<group>"; };
		ECACBE962F0A38490090F990 /* EXThemeColorLight.json */ = {isa = PBXFileReference; lastKnownFileType = text.json; path = EXThemeColorLight.json; sourceTree = "<group>"; };
		ECACBE9B2F0A4A5E0090F990 /* LanguageSettingsView.swift */ = {isa = PBXFileReference; lastKnownFileType = sourcecode.swift; path = LanguageSettingsView.swift; sourceTree = "<group>"; };
		ECACBE9D2F0A59430090F990 /* PUserDefault.swift */ = {isa = PBXFileReference; lastKnownFileType = sourcecode.swift; path = PUserDefault.swift; sourceTree = "<group>"; };
		ECACBE9F2F0A5EC80090F990 /* LanguageManager.swift */ = {isa = PBXFileReference; lastKnownFileType = sourcecode.swift; path = LanguageManager.swift; sourceTree = "<group>"; };
		ECACBEF82F0B4AD30090F990 /* ar */ = {isa = PBXFileReference; lastKnownFileType = text.plist.strings; name = ar; path = ar.lproj/Localizable.strings; sourceTree = "<group>"; };
		ECACBEF92F0B4AE90090F990 /* de */ = {isa = PBXFileReference; lastKnownFileType = text.plist.strings; name = de; path = de.lproj/Localizable.strings; sourceTree = "<group>"; };
		ECACBEFA2F0B4B080090F990 /* es */ = {isa = PBXFileReference; lastKnownFileType = text.plist.strings; name = es; path = es.lproj/Localizable.strings; sourceTree = "<group>"; };
		ECACBEFB2F0B4B140090F990 /* id */ = {isa = PBXFileReference; lastKnownFileType = text.plist.strings; name = id; path = id.lproj/Localizable.strings; sourceTree = "<group>"; };
		ECACBEFC2F0B4B380090F990 /* ms */ = {isa = PBXFileReference; lastKnownFileType = text.plist.strings; name = ms; path = ms.lproj/Localizable.strings; sourceTree = "<group>"; };
		ECACBEFD2F0B4B7E0090F990 /* my */ = {isa = PBXFileReference; lastKnownFileType = text.plist.strings; name = my; path = my.lproj/Localizable.strings; sourceTree = "<group>"; };
		ECACBEFE2F0B4B930090F990 /* pl */ = {isa = PBXFileReference; lastKnownFileType = text.plist.strings; name = pl; path = pl.lproj/Localizable.strings; sourceTree = "<group>"; };
		ECACBEFF2F0B4BA80090F990 /* pt-PT */ = {isa = PBXFileReference; lastKnownFileType = text.plist.strings; name = "pt-PT"; path = "pt-PT.lproj/Localizable.strings"; sourceTree = "<group>"; };
		ECACBF002F0B4BB20090F990 /* ru */ = {isa = PBXFileReference; lastKnownFileType = text.plist.strings; name = ru; path = ru.lproj/Localizable.strings; sourceTree = "<group>"; };
		ECACBF012F0B4BBF0090F990 /* th */ = {isa = PBXFileReference; lastKnownFileType = text.plist.strings; name = th; path = th.lproj/Localizable.strings; sourceTree = "<group>"; };
		ECACBF022F0B4BCA0090F990 /* tr */ = {isa = PBXFileReference; lastKnownFileType = text.plist.strings; name = tr; path = tr.lproj/Localizable.strings; sourceTree = "<group>"; };
		ECACBF032F0B50FA0090F990 /* fr */ = {isa = PBXFileReference; lastKnownFileType = text.plist.strings; name = fr; path = fr.lproj/Localizable.strings; sourceTree = "<group>"; };
		ECACBF042F0B51580090F990 /* fil */ = {isa = PBXFileReference; lastKnownFileType = text.plist.strings; name = fil; path = fil.lproj/Localizable.strings; sourceTree = "<group>"; };
		ECACBF052F0B59880090F990 /* AppAPIEndPoint.swift */ = {isa = PBXFileReference; lastKnownFileType = sourcecode.swift; path = AppAPIEndPoint.swift; sourceTree = "<group>"; };
		ECACBF072F0B59880090F990 /* EXZendeskNoticeModel.swift */ = {isa = PBXFileReference; lastKnownFileType = sourcecode.swift; path = EXZendeskNoticeModel.swift; sourceTree = "<group>"; };
		ECACBF092F0B59880090F990 /* EXTracking.swift */ = {isa = PBXFileReference; lastKnownFileType = sourcecode.swift; path = EXTracking.swift; sourceTree = "<group>"; };
		ECACBF0A2F0B59880090F990 /* MoyaLoadingPlugin.swift */ = {isa = PBXFileReference; lastKnownFileType = sourcecode.swift; path = MoyaLoadingPlugin.swift; sourceTree = "<group>"; };
		ECACBF0B2F0B59880090F990 /* NetWorkService.swift */ = {isa = PBXFileReference; lastKnownFileType = sourcecode.swift; path = NetWorkService.swift; sourceTree = "<group>"; };
		ECACBF0C2F0B59880090F990 /* Observable+HandyJSON.swift */ = {isa = PBXFileReference; lastKnownFileType = sourcecode.swift; path = "Observable+HandyJSON.swift"; sourceTree = "<group>"; };
		ECACBF0D2F0B59880090F990 /* XHUDManager.swift */ = {isa = PBXFileReference; lastKnownFileType = sourcecode.swift; path = XHUDManager.swift; sourceTree = "<group>"; };
		ECACBF162F0B5CE70090F990 /* Info.plist */ = {isa = PBXFileReference; lastKnownFileType = text.plist; path = Info.plist; sourceTree = "<group>"; };
		ECACBF1B2F0B8D5F0090F990 /* SupportLanguageModel.swift */ = {isa = PBXFileReference; lastKnownFileType = sourcecode.swift; path = SupportLanguageModel.swift; sourceTree = "<group>"; };
		ECACBF1D2F0B9A340090F990 /* AppKeys.swift */ = {isa = PBXFileReference; lastKnownFileType = sourcecode.swift; path = AppKeys.swift; sourceTree = "<group>"; };
		ECACBF1F2F0BB6A40090F990 /* SendCaptchaModel.swift */ = {isa = PBXFileReference; lastKnownFileType = sourcecode.swift; path = SendCaptchaModel.swift; sourceTree = "<group>"; };
		ECACBF212F0BB8B20090F990 /* ToastView.swift */ = {isa = PBXFileReference; lastKnownFileType = sourcecode.swift; path = ToastView.swift; sourceTree = "<group>"; };
		ECACBF242F0BC8170090F990 /* AppIcon-20@2x.png */ = {isa = PBXFileReference; lastKnownFileType = image.png; path = "AppIcon-20@2x.png"; sourceTree = "<group>"; };
		ECACBF252F0BC8170090F990 /* AppIcon-20@3x.png */ = {isa = PBXFileReference; lastKnownFileType = image.png; path = "AppIcon-20@3x.png"; sourceTree = "<group>"; };
		ECACBF262F0BC8170090F990 /* AppIcon-29@2x.png */ = {isa = PBXFileReference; lastKnownFileType = image.png; path = "AppIcon-29@2x.png"; sourceTree = "<group>"; };
		ECACBF272F0BC8170090F990 /* AppIcon-29@3x.png */ = {isa = PBXFileReference; lastKnownFileType = image.png; path = "AppIcon-29@3x.png"; sourceTree = "<group>"; };
		ECACBF282F0BC8170090F990 /* AppIcon-38@2x.png */ = {isa = PBXFileReference; lastKnownFileType = image.png; path = "AppIcon-38@2x.png"; sourceTree = "<group>"; };
		ECACBF292F0BC8170090F990 /* AppIcon-38@3x.png */ = {isa = PBXFileReference; lastKnownFileType = image.png; path = "AppIcon-38@3x.png"; sourceTree = "<group>"; };
		ECACBF2A2F0BC8170090F990 /* AppIcon-40@2x.png */ = {isa = PBXFileReference; lastKnownFileType = image.png; path = "AppIcon-40@2x.png"; sourceTree = "<group>"; };
		ECACBF2B2F0BC8170090F990 /* AppIcon-40@3x.png */ = {isa = PBXFileReference; lastKnownFileType = image.png; path = "AppIcon-40@3x.png"; sourceTree = "<group>"; };
		ECACBF2C2F0BC8170090F990 /* AppIcon-60@2x.png */ = {isa = PBXFileReference; lastKnownFileType = image.png; path = "AppIcon-60@2x.png"; sourceTree = "<group>"; };
		ECACBF2D2F0BC8170090F990 /* AppIcon-60@3x.png */ = {isa = PBXFileReference; lastKnownFileType = image.png; path = "AppIcon-60@3x.png"; sourceTree = "<group>"; };
		ECACBF2E2F0BC8170090F990 /* AppIcon-64@2x.png */ = {isa = PBXFileReference; lastKnownFileType = image.png; path = "AppIcon-64@2x.png"; sourceTree = "<group>"; };
		ECACBF2F2F0BC8170090F990 /* AppIcon-64@3x.png */ = {isa = PBXFileReference; lastKnownFileType = image.png; path = "AppIcon-64@3x.png"; sourceTree = "<group>"; };
		ECACBF302F0BC8170090F990 /* AppIcon-68@2x.png */ = {isa = PBXFileReference; lastKnownFileType = image.png; path = "AppIcon-68@2x.png"; sourceTree = "<group>"; };
		ECACBF312F0BC8170090F990 /* AppIcon-76.png */ = {isa = PBXFileReference; lastKnownFileType = image.png; path = "AppIcon-76.png"; sourceTree = "<group>"; };
		ECACBF322F0BC8170090F990 /* AppIcon-76@2x.png */ = {isa = PBXFileReference; lastKnownFileType = image.png; path = "AppIcon-76@2x.png"; sourceTree = "<group>"; };
		ECACBF332F0BC8170090F990 /* AppIcon-83.5@2x.png */ = {isa = PBXFileReference; lastKnownFileType = image.png; path = "AppIcon-83.5@2x.png"; sourceTree = "<group>"; };
		ECACBF342F0BC8170090F990 /* AppIcon-1024.png */ = {isa = PBXFileReference; lastKnownFileType = image.png; path = "AppIcon-1024.png"; sourceTree = "<group>"; };
		F0A1B2C3D4E5F60718293A40 /* LaunchScreen.storyboard */ = {isa = PBXFileReference; lastKnownFileType = file.storyboard; path = LaunchScreen.storyboard; sourceTree = "<group>"; };
/* End PBXFileReference section */

/* Begin PBXFrameworksBuildPhase section */
		1889F1202EF9214800886186 /* Frameworks */ = {
			isa = PBXFrameworksBuildPhase;
			buildActionMask = 2147483647;
			files = (
				63E8236487D966A6BECCFB09 /* Pods_Perapera.framework in Frameworks */,
			);
			runOnlyForDeploymentPostprocessing = 0;
		};
/* End PBXFrameworksBuildPhase section */

/* Begin PBXGroup section */
		1889F11A2EF9214800886186 = {
			isa = PBXGroup;
			children = (
				1889F1252EF9214800886186 /* Perapera */,
				1889F1242EF9214800886186 /* Products */,
				C0897F491922CD8EFA017C71 /* Pods */,
				6003A9B52417A3737F56402B /* Frameworks */,
			);
			sourceTree = "<group>";
		};
		1889F1242EF9214800886186 /* Products */ = {
			isa = PBXGroup;
			children = (
				1889F1232EF9214800886186 /* Perapera.app */,
			);
			name = Products;
			sourceTree = "<group>";
		};
		1889F1252EF9214800886186 /* Perapera */ = {
			isa = PBXGroup;
			children = (
				EC7FEF282F4D58150007BCA6 /* Services */,
				18CA30702F27881100CA9B62 /* Models */,
				ECACBF162F0B5CE70090F990 /* Info.plist */,
				F0A1B2C3D4E5F60718293A40 /* LaunchScreen.storyboard */,
				ECACBF0E2F0B59880090F990 /* Network */,
				ECACBEA32F0A6C6F0090F990 /* Icon */,
				ECACBE832EFA58980090F990 /* Tools */,
				ECACBE732EF937CA0090F990 /* Views */,
				1889F1262EF9214800886186 /* PeraperaApp.swift */,
				1889F1282EF9214800886186 /* ContentView.swift */,
				1889F12A2EF9214B00886186 /* Assets.xcassets */,
				1889F12C2EF9214B00886186 /* Preview Content */,
				ECACBE7C2EFA57210090F990 /* Localizable.strings */,
			);
			path = Perapera;
			sourceTree = "<group>";
		};
		1889F12C2EF9214B00886186 /* Preview Content */ = {
			isa = PBXGroup;
			children = (
				1889F12D2EF9214B00886186 /* Preview Assets.xcassets */,
			);
			path = "Preview Content";
			sourceTree = "<group>";
		};
		18CA306B2F2787BC00CA9B62 /* VideoPlayerView */ = {
			isa = PBXGroup;
			children = (
				18CA30752F47DE00CA9B62 /* YouTubePlayerView.swift */,
				18CA306C2F2787DE00CA9B62 /* VideoPlayerView.swift */,
				18CA306D2F2787DE00CA9B62 /* VideoPlayerViewModel.swift */,
			);
			name = VideoPlayerView;
			sourceTree = "<group>";
		};
		18CA30702F27881100CA9B62 /* Models */ = {
			isa = PBXGroup;
			children = (
				18CA30732F27884E00CA9B62 /* SubtitleModel.swift */,
			);
			name = Models;
			sourceTree = "<group>";
		};
		6003A9B52417A3737F56402B /* Frameworks */ = {
			isa = PBXGroup;
			children = (
				92228B25C99537B2CD47D806 /* Pods_Perapera.framework */,
			);
			name = Frameworks;
			sourceTree = "<group>";
		};
		C0897F491922CD8EFA017C71 /* Pods */ = {
			isa = PBXGroup;
			children = (
				CFAB7CB32CEF237A51D6C48C /* Pods-Perapera.debug.xcconfig */,
				491A0925D6AF62417AAC3DA0 /* Pods-Perapera.release.xcconfig */,
			);
			path = Pods;
			sourceTree = "<group>";
		};
		EC7FEF042F284EE50007BCA6 /* PurchaseView */ = {
			isa = PBXGroup;
			children = (
				EC7FEF032F284EE50007BCA6 /* PurchaseView.swift */,
			);
			path = PurchaseView;
			sourceTree = "<group>";
		};
		EC7FEF072F2854920007BCA6 /* SubtitleSettingsView */ = {
			isa = PBXGroup;
			children = (
				EC7FEF062F2854920007BCA6 /* SubtitleSettingsView.swift */,
			);
			path = SubtitleSettingsView;
			sourceTree = "<group>";
		};
		EC7FEF282F4D58150007BCA6 /* Services */ = {
			isa = PBXGroup;
			children = (
				EC7FEF312F4D59C80007BCA6 /* HunyuanConfig.local.swift */,
				EC7FEF2F2F4D59B10007BCA6 /* COSConfig.local.swift */,
				EC7FEF222F4D58150007BCA6 /* ASRConfig.swift */,
				EC7FEF232F4D58150007BCA6 /* ASRManager.swift */,
				EC7FEF242F4D58150007BCA6 /* COSConfig.swift */,
				EC7FEF252F4D58150007BCA6 /* COSUploadManager.swift */,
				EC7FEF262F4D58150007BCA6 /* HunyuanConfig.swift */,
				EC7FEF272F4D58150007BCA6 /* HunyuanManager.swift */,
			);
			path = Services;
			sourceTree = "<group>";
		};
		ECACBE732EF937CA0090F990 /* Views */ = {
			isa = PBXGroup;
			children = (
				18CA306B2F2787BC00CA9B62 /* VideoPlayerView */,
				EC7FEF072F2854920007BCA6 /* SubtitleSettingsView */,
				EC7FEF042F284EE50007BCA6 /* PurchaseView */,
				ECACBF222F0BB8B20090F990 /* Components */,
				ECACBE892F0A15DF0090F990 /* LoginView */,
				ECACBE762EF938410090F990 /* SettingsView */,
				ECACBE752EF938340090F990 /* PodcastView */,
				ECACBE742EF9380B0090F990 /* HomeView */,
			);
			path = Views;
			sourceTree = "<group>";
		};
		ECACBE742EF9380B0090F990 /* HomeView */ = {
			isa = PBXGroup;
			children = (
				EC7FEF202F4D57F00007BCA6 /* HomeViewModel.swift */,
				ECACBE6D2EF937930090F990 /* HomeView.swift */,
			);
			path = HomeView;
			sourceTree = "<group>";
		};
		ECACBE752EF938340090F990 /* PodcastView */ = {
			isa = PBXGroup;
			children = (
				ECACBE6E2EF937930090F990 /* PodcastView.swift */,
			);
			path = PodcastView;
			sourceTree = "<group>";
		};
		ECACBE762EF938410090F990 /* SettingsView */ = {
			isa = PBXGroup;
			children = (
				ECACBE9B2F0A4A5E0090F990 /* LanguageSettingsView.swift */,
				ECACBE6F2EF937930090F990 /* SettingsView.swift */,
				ECACBE772EF938410090F990 /* SettingsRowView.swift */,
			);
			path = SettingsView;
			sourceTree = "<group>";
		};
		ECACBE832EFA58980090F990 /* Tools */ = {
			isa = PBXGroup;
			children = (
				EC7FEF012F284BCA0007BCA6 /* UserManager.swift */,
				EC7FEF1C2F4D57C90007BCA6 /* AudioConverter.swift */,
				EC7FEF1D2F4D57C90007BCA6 /* VideoStorageManager.swift */,
				ECACBF1D2F0B9A340090F990 /* AppKeys.swift */,
				ECACBE9F2F0A5EC80090F990 /* LanguageManager.swift */,
				ECACBE972F0A38490090F990 /* Theme */,
				ECACBE852EFA58BB0090F990 /* Extensions */,
			);
			path = Tools;
			sourceTree = "<group>";
		};
		ECACBE852EFA58BB0090F990 /* Extensions */ = {
			isa = PBXGroup;
			children = (
				ECACBE9D2F0A59430090F990 /* PUserDefault.swift */,
				ECACBE842EFA58BB0090F990 /* String+Extension.swift */,
				18CA30762F47DE00CA9B63 /* URL+YouTube.swift */,
			);
			path = Extensions;
			sourceTree = "<group>";
		};
		ECACBE892F0A15DF0090F990 /* LoginView */ = {
			isa = PBXGroup;
			children = (
				ECACBE882F0A15DF0090F990 /* LoginView.swift */,
			);
			path = LoginView;
			sourceTree = "<group>";
		};
		ECACBE972F0A38490090F990 /* Theme */ = {
			isa = PBXGroup;
			children = (
				ECACBE942F0A38490090F990 /* EXThemeColor.swift */,
				ECACBE952F0A38490090F990 /* EXThemeColorDark.json */,
				ECACBE962F0A38490090F990 /* EXThemeColorLight.json */,
			);
			path = Theme;
			sourceTree = "<group>";
		};
		ECACBEA32F0A6C6F0090F990 /* Icon */ = {
			isa = PBXGroup;
			children = (
				ECACBF242F0BC8170090F990 /* AppIcon-20@2x.png */,
				ECACBF252F0BC8170090F990 /* AppIcon-20@3x.png */,
				ECACBF262F0BC8170090F990 /* AppIcon-29@2x.png */,
				ECACBF272F0BC8170090F990 /* AppIcon-29@3x.png */,
				ECACBF282F0BC8170090F990 /* AppIcon-38@2x.png */,
				ECACBF292F0BC8170090F990 /* AppIcon-38@3x.png */,
				ECACBF2A2F0BC8170090F990 /* AppIcon-40@2x.png */,
				ECACBF2B2F0BC8170090F990 /* AppIcon-40@3x.png */,
				ECACBF2C2F0BC8170090F990 /* AppIcon-60@2x.png */,
				ECACBF2D2F0BC8170090F990 /* AppIcon-60@3x.png */,
				ECACBF2E2F0BC8170090F990 /* AppIcon-64@2x.png */,
				ECACBF2F2F0BC8170090F990 /* AppIcon-64@3x.png */,
				ECACBF302F0BC8170090F990 /* AppIcon-68@2x.png */,
				ECACBF312F0BC8170090F990 /* AppIcon-76.png */,
				ECACBF322F0BC8170090F990 /* AppIcon-76@2x.png */,
				ECACBF332F0BC8170090F990 /* AppIcon-83.5@2x.png */,
				ECACBF342F0BC8170090F990 /* AppIcon-1024.png */,
			);
			path = Icon;
			sourceTree = "<group>";
		};
		ECACBF062F0B59880090F990 /* API */ = {
			isa = PBXGroup;
			children = (
				ECACBF052F0B59880090F990 /* AppAPIEndPoint.swift */,
			);
			path = API;
			sourceTree = "<group>";
		};
		ECACBF082F0B59880090F990 /* Models */ = {
			isa = PBXGroup;
			children = (
				184C06C92FB815DD001114A3 /* YTAudioModel.swift */,
				EC31CE7E2F1491C80040B489 /* LoginModel.swift */,
				ECACBF1F2F0BB6A40090F990 /* SendCaptchaModel.swift */,
				ECACBF1B2F0B8D5F0090F990 /* SupportLanguageModel.swift */,
				ECACBF072F0B59880090F990 /* EXZendeskNoticeModel.swift */,
			);
			path = Models;
			sourceTree = "<group>";
		};
		ECACBF0E2F0B59880090F990 /* Network */ = {
			isa = PBXGroup;
			children = (
				ECACBF062F0B59880090F990 /* API */,
				ECACBF082F0B59880090F990 /* Models */,
				ECACBF092F0B59880090F990 /* EXTracking.swift */,
				ECACBF0A2F0B59880090F990 /* MoyaLoadingPlugin.swift */,
				ECACBF0B2F0B59880090F990 /* NetWorkService.swift */,
				ECACBF0C2F0B59880090F990 /* Observable+HandyJSON.swift */,
				ECACBF0D2F0B59880090F990 /* XHUDManager.swift */,
			);
			path = Network;
			sourceTree = "<group>";
		};
		ECACBF222F0BB8B20090F990 /* Components */ = {
			isa = PBXGroup;
			children = (
				ECACBF212F0BB8B20090F990 /* ToastView.swift */,
			);
			path = Components;
			sourceTree = "<group>";
		};
/* End PBXGroup section */

/* Begin PBXNativeTarget section */
		1889F1222EF9214800886186 /* Perapera */ = {
			isa = PBXNativeTarget;
			buildConfigurationList = 1889F1312EF9214B00886186 /* Build configuration list for PBXNativeTarget "Perapera" */;
			buildPhases = (
				51796E56EBE3DCDF26FDAEEA /* [CP] Check Pods Manifest.lock */,
				1889F11F2EF9214800886186 /* Sources */,
				1889F1202EF9214800886186 /* Frameworks */,
				1889F1212EF9214800886186 /* Resources */,
				64265FB93041787E16BFDC37 /* [CP] Embed Pods Frameworks */,
				D1902BAD992D7866303C0FE0 /* [CP] Copy Pods Resources */,
			);
			buildRules = (
			);
			dependencies = (
			);
			name = Perapera;
			productName = Perapera;
			productReference = 1889F1232EF9214800886186 /* Perapera.app */;
			productType = "com.apple.product-type.application";
		};
/* End PBXNativeTarget section */

/* Begin PBXProject section */
		1889F11B2EF9214800886186 /* Project object */ = {
			isa = PBXProject;
			attributes = {
				BuildIndependentTargetsInParallel = 1;
				LastSwiftUpdateCheck = 1520;
				LastUpgradeCheck = 1640;
				TargetAttributes = {
					1889F1222EF9214800886186 = {
						CreatedOnToolsVersion = 15.2;
					};
				};
			};
			buildConfigurationList = 1889F11E2EF9214800886186 /* Build configuration list for PBXProject "Perapera" */;
			compatibilityVersion = "Xcode 14.0";
			developmentRegion = en;
			hasScannedForEncodings = 0;
			knownRegions = (
				en,
				Base,
				"zh-Hans",
				ja,
				ko,
				vi,
				"zh-Hant",
				ar,
				de,
				es,
				id,
				ms,
				my,
				pl,
				"pt-PT",
				ru,
				th,
				tr,
				fr,
				fil,
			);
			mainGroup = 1889F11A2EF9214800886186;
			productRefGroup = 1889F1242EF9214800886186 /* Products */;
			projectDirPath = "";
			projectRoot = "";
			targets = (
				1889F1222EF9214800886186 /* Perapera */,
			);
		};
/* End PBXProject section */

/* Begin PBXResourcesBuildPhase section */
		1889F1212EF9214800886186 /* Resources */ = {
			isa = PBXResourcesBuildPhase;
			buildActionMask = 2147483647;
			files = (
				ECACBF352F0BC8170090F990 /* AppIcon-1024.png in Resources */,
				ECACBF362F0BC8170090F990 /* AppIcon-83.5@2x.png in Resources */,
				ECACBF372F0BC8170090F990 /* AppIcon-38@2x.png in Resources */,
				ECACBF382F0BC8170090F990 /* AppIcon-40@2x.png in Resources */,
				ECACBF392F0BC8170090F990 /* AppIcon-29@2x.png in Resources */,
				ECACBF3A2F0BC8170090F990 /* AppIcon-64@3x.png in Resources */,
				ECACBF3B2F0BC8170090F990 /* AppIcon-68@2x.png in Resources */,
				ECACBF3C2F0BC8170090F990 /* AppIcon-20@3x.png in Resources */,
				ECACBF3D2F0BC8170090F990 /* AppIcon-38@3x.png in Resources */,
				ECACBF3E2F0BC8170090F990 /* AppIcon-60@2x.png in Resources */,
				ECACBF3F2F0BC8170090F990 /* AppIcon-20@2x.png in Resources */,
				ECACBF402F0BC8170090F990 /* AppIcon-40@3x.png in Resources */,
				ECACBF412F0BC8170090F990 /* AppIcon-60@3x.png in Resources */,
				ECACBF422F0BC8170090F990 /* AppIcon-64@2x.png in Resources */,
				ECACBF432F0BC8170090F990 /* AppIcon-76.png in Resources */,
				ECACBF442F0BC8170090F990 /* AppIcon-76@2x.png in Resources */,
				ECACBF452F0BC8170090F990 /* AppIcon-29@3x.png in Resources */,
				1889F12E2EF9214B00886186 /* Preview Assets.xcassets in Resources */,
				ECACBE7E2EFA57210090F990 /* Localizable.strings in Resources */,
				1889F12B2EF9214B00886186 /* Assets.xcassets in Resources */,
				ECACBE982F0A38490090F990 /* EXThemeColorDark.json in Resources */,
				ECACBE992F0A38490090F990 /* EXThemeColorLight.json in Resources */,
				F0A1B2C3D4E5F60718293A41 /* LaunchScreen.storyboard in Resources */,
			);
			runOnlyForDeploymentPostprocessing = 0;
		};
/* End PBXResourcesBuildPhase section */

/* Begin PBXShellScriptBuildPhase section */
		51796E56EBE3DCDF26FDAEEA /* [CP] Check Pods Manifest.lock */ = {
			isa = PBXShellScriptBuildPhase;
			buildActionMask = 2147483647;
			files = (
			);
			inputFileListPaths = (
			);
			inputPaths = (
				"${PODS_PODFILE_DIR_PATH}/Podfile.lock",
				"${PODS_ROOT}/Manifest.lock",
			);
			name = "[CP] Check Pods Manifest.lock";
			outputFileListPaths = (
			);
			outputPaths = (
				"$(DERIVED_FILE_DIR)/Pods-Perapera-checkManifestLockResult.txt",
			);
			runOnlyForDeploymentPostprocessing = 0;
			shellPath = /bin/sh;
			shellScript = "diff \"${PODS_PODFILE_DIR_PATH}/Podfile.lock\" \"${PODS_ROOT}/Manifest.lock\" > /dev/null\nif [ $? != 0 ] ; then\n    # print error to STDERR\n    echo \"error: The sandbox is not in sync with the Podfile.lock. Run 'pod install' or update your CocoaPods installation.\" >&2\n    exit 1\nfi\n# This output is used by Xcode 'outputs' to avoid re-running this script phase.\necho \"SUCCESS\" > \"${SCRIPT_OUTPUT_FILE_0}\"\n";
			showEnvVarsInLog = 0;
		};
		64265FB93041787E16BFDC37 /* [CP] Embed Pods Frameworks */ = {
			isa = PBXShellScriptBuildPhase;
			buildActionMask = 2147483647;
			files = (
			);
			inputFileListPaths = (
				"${PODS_ROOT}/Target Support Files/Pods-Perapera/Pods-Perapera-frameworks-${CONFIGURATION}-input-files.xcfilelist",
			);
			inputPaths = (
			);
			name = "[CP] Embed Pods Frameworks";
			outputFileListPaths = (
				"${PODS_ROOT}/Target Support Files/Pods-Perapera/Pods-Perapera-frameworks-${CONFIGURATION}-output-files.xcfilelist",
			);
			outputPaths = (
			);
			runOnlyForDeploymentPostprocessing = 0;
			shellPath = /bin/sh;
			shellScript = "\"${PODS_ROOT}/Target Support Files/Pods-Perapera/Pods-Perapera-frameworks.sh\"\n";
			showEnvVarsInLog = 0;
		};
		D1902BAD992D7866303C0FE0 /* [CP] Copy Pods Resources */ = {
			isa = PBXShellScriptBuildPhase;
			buildActionMask = 2147483647;
			files = (
			);
			inputFileListPaths = (
				"${PODS_ROOT}/Target Support Files/Pods-Perapera/Pods-Perapera-resources-${CONFIGURATION}-input-files.xcfilelist",
			);
			inputPaths = (
			);
			name = "[CP] Copy Pods Resources";
			outputFileListPaths = (
				"${PODS_ROOT}/Target Support Files/Pods-Perapera/Pods-Perapera-resources-${CONFIGURATION}-output-files.xcfilelist",
			);
			outputPaths = (
			);
			runOnlyForDeploymentPostprocessing = 0;
			shellPath = /bin/sh;
			shellScript = "\"${PODS_ROOT}/Target Support Files/Pods-Perapera/Pods-Perapera-resources.sh\"\n";
			showEnvVarsInLog = 0;
		};
/* End PBXShellScriptBuildPhase section */

/* Begin PBXSourcesBuildPhase section */
		1889F11F2EF9214800886186 /* Sources */ = {
			isa = PBXSourcesBuildPhase;
			buildActionMask = 2147483647;
			files = (
				1889F1292EF9214800886186 /* ContentView.swift in Sources */,
				EC7FEF212F4D57F00007BCA6 /* HomeViewModel.swift in Sources */,
				ECACBE8A2F0A15DF0090F990 /* LoginView.swift in Sources */,
				ECACBF202F0BB6A40090F990 /* SendCaptchaModel.swift in Sources */,
				1889F1272EF9214800886186 /* PeraperaApp.swift in Sources */,
				EC7FEF292F4D58150007BCA6 /* HunyuanManager.swift in Sources */,
				EC7FEF2A2F4D58150007BCA6 /* ASRManager.swift in Sources */,
				EC7FEF2B2F4D58150007BCA6 /* COSUploadManager.swift in Sources */,
				EC7FEF2C2F4D58150007BCA6 /* HunyuanConfig.swift in Sources */,
				184C06CA2FB815F1001114A3 /* YTAudioModel.swift in Sources */,
				EC7FEF2D2F4D58150007BCA6 /* COSConfig.swift in Sources */,
				EC7FEF2E2F4D58150007BCA6 /* ASRConfig.swift in Sources */,
				EC7FEF1E2F4D57C90007BCA6 /* AudioConverter.swift in Sources */,
				EC7FEF322F4D59C80007BCA6 /* HunyuanConfig.local.swift in Sources */,
				EC7FEF1F2F4D57C90007BCA6 /* VideoStorageManager.swift in Sources */,
				ECACBEA02F0A5EC80090F990 /* LanguageManager.swift in Sources */,
				ECACBF232F0BB8B20090F990 /* ToastView.swift in Sources */,
				ECACBE9C2F0A4A5E0090F990 /* LanguageSettingsView.swift in Sources */,
				ECACBE702EF937930090F990 /* PodcastView.swift in Sources */,
				ECACBE9A2F0A38490090F990 /* EXThemeColor.swift in Sources */,
				EC7FEF052F284EE50007BCA6 /* PurchaseView.swift in Sources */,
				ECACBE712EF937930090F990 /* HomeView.swift in Sources */,
				ECACBE862EFA58BB0090F990 /* String+Extension.swift in Sources */,
				ECACBF1E2F0B9A340090F990 /* AppKeys.swift in Sources */,
				ECACBE722EF937930090F990 /* SettingsView.swift in Sources */,
				EC31CE7F2F1491C80040B489 /* LoginModel.swift in Sources */,
				ECACBF0F2F0B59880090F990 /* AppAPIEndPoint.swift in Sources */,
				18CA306E2F2787DE00CA9B62 /* VideoPlayerView.swift in Sources */,
				ECACBF1C2F0B8D5F0090F990 /* SupportLanguageModel.swift in Sources */,
				ECACBF102F0B59880090F990 /* NetWorkService.swift in Sources */,
				ECACBF112F0B59880090F990 /* MoyaLoadingPlugin.swift in Sources */,
				EC7FEF022F284BCA0007BCA6 /* UserManager.swift in Sources */,
				ECACBF122F0B59880090F990 /* Observable+HandyJSON.swift in Sources */,
				EC7FEF082F2854920007BCA6 /* SubtitleSettingsView.swift in Sources */,
				ECACBF132F0B59880090F990 /* XHUDManager.swift in Sources */,
				ECACBF142F0B59880090F990 /* EXZendeskNoticeModel.swift in Sources */,
				ECACBF152F0B59880090F990 /* EXTracking.swift in Sources */,
				ECACBE9E2F0A59430090F990 /* PUserDefault.swift in Sources */,
				EC7FEF302F4D59B10007BCA6 /* COSConfig.local.swift in Sources */,
				ECACBE782EF938410090F990 /* SettingsRowView.swift in Sources */,
				18CA30742F27884E00CA9B62 /* SubtitleModel.swift in Sources */,
				18CA306F2F2787DE00CA9B62 /* VideoPlayerViewModel.swift in Sources */,
				18CA30772F47DE00CA9B64 /* YouTubePlayerView.swift in Sources */,
				18CA30782F47DE00CA9B65 /* URL+YouTube.swift in Sources */,
			);
			runOnlyForDeploymentPostprocessing = 0;
		};
/* End PBXSourcesBuildPhase section */

/* Begin PBXVariantGroup section */
		ECACBE7C2EFA57210090F990 /* Localizable.strings */ = {
			isa = PBXVariantGroup;
			children = (
				ECACBE7D2EFA57210090F990 /* en */,
				ECACBE7F2EFA57380090F990 /* zh-Hans */,
				ECACBE802EFA573B0090F990 /* ja */,
				ECACBE812EFA573C0090F990 /* ko */,
				ECACBE822EFA573D0090F990 /* vi */,
				ECACBE872EFA5D4D0090F990 /* zh-Hant */,
				ECACBEF82F0B4AD30090F990 /* ar */,
				ECACBEF92F0B4AE90090F990 /* de */,
				ECACBEFA2F0B4B080090F990 /* es */,
				ECACBEFB2F0B4B140090F990 /* id */,
				ECACBEFC2F0B4B380090F990 /* ms */,
				ECACBEFD2F0B4B7E0090F990 /* my */,
				ECACBEFE2F0B4B930090F990 /* pl */,
				ECACBEFF2F0B4BA80090F990 /* pt-PT */,
				ECACBF002F0B4BB20090F990 /* ru */,
				ECACBF012F0B4BBF0090F990 /* th */,
				ECACBF022F0B4BCA0090F990 /* tr */,
				ECACBF032F0B50FA0090F990 /* fr */,
				ECACBF042F0B51580090F990 /* fil */,
			);
			name = Localizable.strings;
			sourceTree = "<group>";
		};
/* End PBXVariantGroup section */

/* Begin XCBuildConfiguration section */
		1889F12F2EF9214B00886186 /* Debug */ = {
			isa = XCBuildConfiguration;
			buildSettings = {
				ALWAYS_SEARCH_USER_PATHS = NO;
				ASSETCATALOG_COMPILER_GENERATE_SWIFT_ASSET_SYMBOL_EXTENSIONS = YES;
				CLANG_ANALYZER_LOCALIZABILITY_NONLOCALIZED = YES;
				CLANG_ANALYZER_NONNULL = YES;
				CLANG_ANALYZER_NUMBER_OBJECT_CONVERSION = YES_AGGRESSIVE;
				CLANG_CXX_LANGUAGE_STANDARD = "gnu++20";
				CLANG_ENABLE_MODULES = YES;
				CLANG_ENABLE_OBJC_ARC = YES;
				CLANG_ENABLE_OBJC_WEAK = YES;
				CLANG_WARN_BLOCK_CAPTURE_AUTORELEASING = YES;
				CLANG_WARN_BOOL_CONVERSION = YES;
				CLANG_WARN_COMMA = YES;
				CLANG_WARN_CONSTANT_CONVERSION = YES;
				CLANG_WARN_DEPRECATED_OBJC_IMPLEMENTATIONS = YES;
				CLANG_WARN_DIRECT_OBJC_ISA_USAGE = YES_ERROR;
				CLANG_WARN_DOCUMENTATION_COMMENTS = YES;
				CLANG_WARN_EMPTY_BODY = YES;
				CLANG_WARN_ENUM_CONVERSION = YES;
				CLANG_WARN_INFINITE_RECURSION = YES;
				CLANG_WARN_INT_CONVERSION = YES;
				CLANG_WARN_NON_LITERAL_NULL_CONVERSION = YES;
				CLANG_WARN_OBJC_IMPLICIT_RETAIN_SELF = YES;
				CLANG_WARN_OBJC_LITERAL_CONVERSION = YES;
				CLANG_WARN_OBJC_ROOT_CLASS = YES_ERROR;
				CLANG_WARN_QUOTED_INCLUDE_IN_FRAMEWORK_HEADER = YES;
				CLANG_WARN_RANGE_LOOP_ANALYSIS = YES;
				CLANG_WARN_STRICT_PROTOTYPES = YES;
				CLANG_WARN_SUSPICIOUS_MOVE = YES;
				CLANG_WARN_UNGUARDED_AVAILABILITY = YES_AGGRESSIVE;
				CLANG_WARN_UNREACHABLE_CODE = YES;
				CLANG_WARN__DUPLICATE_METHOD_MATCH = YES;
				COPY_PHASE_STRIP = NO;
				DEBUG_INFORMATION_FORMAT = dwarf;
				DEVELOPMENT_TEAM = 6Q6BBU5378;
				ENABLE_STRICT_OBJC_MSGSEND = YES;
				ENABLE_TESTABILITY = YES;
				ENABLE_USER_SCRIPT_SANDBOXING = NO;
				GCC_C_LANGUAGE_STANDARD = gnu17;
				GCC_DYNAMIC_NO_PIC = NO;
				GCC_NO_COMMON_BLOCKS = YES;
				GCC_OPTIMIZATION_LEVEL = 0;
				GCC_PREPROCESSOR_DEFINITIONS = (
					"DEBUG=1",
					"$(inherited)",
				);
				GCC_WARN_64_TO_32_BIT_CONVERSION = YES;
				GCC_WARN_ABOUT_RETURN_TYPE = YES_ERROR;
				GCC_WARN_UNDECLARED_SELECTOR = YES;
				GCC_WARN_UNINITIALIZED_AUTOS = YES_AGGRESSIVE;
				GCC_WARN_UNUSED_FUNCTION = YES;
				GCC_WARN_UNUSED_VARIABLE = YES;
				IPHONEOS_DEPLOYMENT_TARGET = 17.2;
				LOCALIZATION_PREFERS_STRING_CATALOGS = YES;
				MTL_ENABLE_DEBUG_INFO = INCLUDE_SOURCE;
				MTL_FAST_MATH = YES;
				ONLY_ACTIVE_ARCH = YES;
				SDKROOT = iphoneos;
				SWIFT_ACTIVE_COMPILATION_CONDITIONS = "DEBUG $(inherited)";
				SWIFT_OPTIMIZATION_LEVEL = "-Onone";
			};
			name = Debug;
		};
		1889F1302EF9214B00886186 /* Release */ = {
			isa = XCBuildConfiguration;
			buildSettings = {
				ALWAYS_SEARCH_USER_PATHS = NO;
				ASSETCATALOG_COMPILER_GENERATE_SWIFT_ASSET_SYMBOL_EXTENSIONS = YES;
				CLANG_ANALYZER_LOCALIZABILITY_NONLOCALIZED = YES;
				CLANG_ANALYZER_NONNULL = YES;
				CLANG_ANALYZER_NUMBER_OBJECT_CONVERSION = YES_AGGRESSIVE;
				CLANG_CXX_LANGUAGE_STANDARD = "gnu++20";
				CLANG_ENABLE_MODULES = YES;
				CLANG_ENABLE_OBJC_ARC = YES;
				CLANG_ENABLE_OBJC_WEAK = YES;
				CLANG_WARN_BLOCK_CAPTURE_AUTORELEASING = YES;
				CLANG_WARN_BOOL_CONVERSION = YES;
				CLANG_WARN_COMMA = YES;
				CLANG_WARN_CONSTANT_CONVERSION = YES;
				CLANG_WARN_DEPRECATED_OBJC_IMPLEMENTATIONS = YES;
				CLANG_WARN_DIRECT_OBJC_ISA_USAGE = YES_ERROR;
				CLANG_WARN_DOCUMENTATION_COMMENTS = YES;
				CLANG_WARN_EMPTY_BODY = YES;
				CLANG_WARN_ENUM_CONVERSION = YES;
				CLANG_WARN_INFINITE_RECURSION = YES;
				CLANG_WARN_INT_CONVERSION = YES;
				CLANG_WARN_NON_LITERAL_NULL_CONVERSION = YES;
				CLANG_WARN_OBJC_IMPLICIT_RETAIN_SELF = YES;
				CLANG_WARN_OBJC_LITERAL_CONVERSION = YES;
				CLANG_WARN_OBJC_ROOT_CLASS = YES_ERROR;
				CLANG_WARN_QUOTED_INCLUDE_IN_FRAMEWORK_HEADER = YES;
				CLANG_WARN_RANGE_LOOP_ANALYSIS = YES;
				CLANG_WARN_STRICT_PROTOTYPES = YES;
				CLANG_WARN_SUSPICIOUS_MOVE = YES;
				CLANG_WARN_UNGUARDED_AVAILABILITY = YES_AGGRESSIVE;
				CLANG_WARN_UNREACHABLE_CODE = YES;
				CLANG_WARN__DUPLICATE_METHOD_MATCH = YES;
				COPY_PHASE_STRIP = NO;
				DEBUG_INFORMATION_FORMAT = "dwarf-with-dsym";
				DEVELOPMENT_TEAM = 6Q6BBU5378;
				ENABLE_NS_ASSERTIONS = NO;
				ENABLE_STRICT_OBJC_MSGSEND = YES;
				ENABLE_USER_SCRIPT_SANDBOXING = NO;
				GCC_C_LANGUAGE_STANDARD = gnu17;
				GCC_NO_COMMON_BLOCKS = YES;
				GCC_WARN_64_TO_32_BIT_CONVERSION = YES;
				GCC_WARN_ABOUT_RETURN_TYPE = YES_ERROR;
				GCC_WARN_UNDECLARED_SELECTOR = YES;
				GCC_WARN_UNINITIALIZED_AUTOS = YES_AGGRESSIVE;
				GCC_WARN_UNUSED_FUNCTION = YES;
				GCC_WARN_UNUSED_VARIABLE = YES;
				IPHONEOS_DEPLOYMENT_TARGET = 17.2;
				LOCALIZATION_PREFERS_STRING_CATALOGS = YES;
				MTL_ENABLE_DEBUG_INFO = NO;
				MTL_FAST_MATH = YES;
				SDKROOT = iphoneos;
				SWIFT_COMPILATION_MODE = wholemodule;
				VALIDATE_PRODUCT = YES;
			};
			name = Release;
		};
		1889F1322EF9214B00886186 /* Debug */ = {
			isa = XCBuildConfiguration;
			baseConfigurationReference = CFAB7CB32CEF237A51D6C48C /* Pods-Perapera.debug.xcconfig */;
			buildSettings = {
				ASSETCATALOG_COMPILER_APPICON_NAME = AppIcon;
				ASSETCATALOG_COMPILER_GLOBAL_ACCENT_COLOR_NAME = AccentColor;
				CODE_SIGN_STYLE = Automatic;
				CURRENT_PROJECT_VERSION = 1;
				DEVELOPMENT_ASSET_PATHS = "\"Perapera/Preview Content\"";
				DEVELOPMENT_TEAM = N97GW23N53;
				ENABLE_PREVIEWS = YES;
				ENABLE_USER_SCRIPT_SANDBOXING = NO;
				GENERATE_INFOPLIST_FILE = YES;
				INFOPLIST_FILE = Perapera/Info.plist;
				INFOPLIST_KEY_NSCameraUsageDescription = "扫描二维码或拍照用于身份认证提交，是否允许打开相机？";
				INFOPLIST_KEY_NSPhotoLibraryAddUsageDescription = "访问相册照片将用于上传二维码或其他照片，是否允许访问相册？";
				INFOPLIST_KEY_NSPhotoLibraryUsageDescription = "需要访问相册以导入视频文件";
				INFOPLIST_KEY_UIApplicationSceneManifest_Generation = YES;
				INFOPLIST_KEY_UIApplicationSupportsIndirectInputEvents = YES;
				INFOPLIST_KEY_UILaunchScreen_Generation = NO;
				INFOPLIST_KEY_UILaunchStoryboardName = LaunchScreen;
				INFOPLIST_KEY_UISupportedInterfaceOrientations = UIInterfaceOrientationPortrait;
				LD_RUNPATH_SEARCH_PATHS = (
					"$(inherited)",
					"@executable_path/Frameworks",
				);
				MARKETING_VERSION = 1.0;
				PRODUCT_BUNDLE_IDENTIFIER = com.perapera.ai;
				PRODUCT_NAME = "$(TARGET_NAME)";
				SWIFT_EMIT_LOC_STRINGS = YES;
				SWIFT_VERSION = 5.0;
				TARGETED_DEVICE_FAMILY = "1,2";
			};
			name = Debug;
		};
		1889F1332EF9214B00886186 /* Release */ = {
			isa = XCBuildConfiguration;
			baseConfigurationReference = 491A0925D6AF62417AAC3DA0 /* Pods-Perapera.release.xcconfig */;
			buildSettings = {
				ASSETCATALOG_COMPILER_APPICON_NAME = AppIcon;
				ASSETCATALOG_COMPILER_GLOBAL_ACCENT_COLOR_NAME = AccentColor;
				CODE_SIGN_STYLE = Automatic;
				CURRENT_PROJECT_VERSION = 1;
				DEVELOPMENT_ASSET_PATHS = "\"Perapera/Preview Content\"";
				DEVELOPMENT_TEAM = N97GW23N53;
				ENABLE_PREVIEWS = YES;
				ENABLE_USER_SCRIPT_SANDBOXING = NO;
				GENERATE_INFOPLIST_FILE = YES;
				INFOPLIST_FILE = Perapera/Info.plist;
				INFOPLIST_KEY_NSCameraUsageDescription = "扫描二维码或拍照用于身份认证提交，是否允许打开相机？";
				INFOPLIST_KEY_NSPhotoLibraryAddUsageDescription = "访问相册照片将用于上传二维码或其他照片，是否允许访问相册？";
				INFOPLIST_KEY_NSPhotoLibraryUsageDescription = "需要访问相册以导入视频文件";
				INFOPLIST_KEY_UIApplicationSceneManifest_Generation = YES;
				INFOPLIST_KEY_UIApplicationSupportsIndirectInputEvents = YES;
				INFOPLIST_KEY_UILaunchScreen_Generation = NO;
				INFOPLIST_KEY_UILaunchStoryboardName = LaunchScreen;
				INFOPLIST_KEY_UISupportedInterfaceOrientations = UIInterfaceOrientationPortrait;
				LD_RUNPATH_SEARCH_PATHS = (
					"$(inherited)",
					"@executable_path/Frameworks",
				);
				MARKETING_VERSION = 1.0;
				PRODUCT_BUNDLE_IDENTIFIER = com.perapera.ai;
				PRODUCT_NAME = "$(TARGET_NAME)";
				SWIFT_EMIT_LOC_STRINGS = YES;
				SWIFT_VERSION = 5.0;
				TARGETED_DEVICE_FAMILY = "1,2";
			};
			name = Release;
		};
/* End XCBuildConfiguration section */

/* Begin XCConfigurationList section */
		1889F11E2EF9214800886186 /* Build configuration list for PBXProject "Perapera" */ = {
			isa = XCConfigurationList;
			buildConfigurations = (
				1889F12F2EF9214B00886186 /* Debug */,
				1889F1302EF9214B00886186 /* Release */,
			);
			defaultConfigurationIsVisible = 0;
			defaultConfigurationName = Release;
		};
		1889F1312EF9214B00886186 /* Build configuration list for PBXNativeTarget "Perapera" */ = {
			isa = XCConfigurationList;
			buildConfigurations = (
				1889F1322EF9214B00886186 /* Debug */,
				1889F1332EF9214B00886186 /* Release */,
			);
			defaultConfigurationIsVisible = 0;
			defaultConfigurationName = Release;
		};
/* End XCConfigurationList section */
	};
	rootObject = 1889F11B2EF9214800886186 /* Project object */;
}
